// !$*UTF8*$!
{
	archiveVersion = 1;
	classes = {
	};
	objectVersion = 46;
	objects = {

/* Begin PBXBuildFile section */
		CDDCC5501CA8E35500AD8D74 /* main.m in Sources */ = {isa = PBXBuildFile; fileRef = CDDCC54F1CA8E35500AD8D74 /* main.m */; };
		CDDCC5531CA8E35500AD8D74 /* AppDelegate.m in Sources */ = {isa = PBXBuildFile; fileRef = CDDCC5521CA8E35500AD8D74 /* AppDelegate.m */; };
		CDDCC5591CA8E35500AD8D74 /* Main.storyboard in Resources */ = {isa = PBXBuildFile; fileRef = CDDCC5571CA8E35500AD8D74 /* Main.storyboard */; };
		CDDCC55B1CA8E35500AD8D74 /* Assets.xcassets in Resources */ = {isa = PBXBuildFile; fileRef = CDDCC55A1CA8E35500AD8D74 /* Assets.xcassets */; };
		CDDCC55E1CA8E35500AD8D74 /* LaunchScreen.storyboard in Resources */ = {isa = PBXBuildFile; fileRef = CDDCC55C1CA8E35500AD8D74 /* LaunchScreen.storyboard */; };
		CDDCC5691CA8E35500AD8D74 /* CassTests.m in Sources */ = {isa = PBXBuildFile; fileRef = CDDCC5681CA8E35500AD8D74 /* CassTests.m */; };
		CDDCC5741CA8E35500AD8D74 /* CassUITests.m in Sources */ = {isa = PBXBuildFile; fileRef = CDDCC5731CA8E35500AD8D74 /* CassUITests.m */; };
		CDF348421CAA4BD100FC6745 /* RootViewController.m in Sources */ = {isa = PBXBuildFile; fileRef = CDF348411CAA4BD100FC6745 /* RootViewController.m */; };
		CDF348461CAA579C00FC6745 /* LYMenuView.m in Sources */ = {isa = PBXBuildFile; fileRef = CDF348451CAA579C00FC6745 /* LYMenuView.m */; };
		CDF925FC1CB384CC00C55D84 /* 1.png in Resources */ = {isa = PBXBuildFile; fileRef = CDF925FB1CB384CC00C55D84 /* 1.png */; };
		CDF925FE1CB384D800C55D84 /* 3.png in Resources */ = {isa = PBXBuildFile; fileRef = CDF925FD1CB384D800C55D84 /* 3.png */; };
		CDF926001CB384E200C55D84 /* 2.png in Resources */ = {isa = PBXBuildFile; fileRef = CDF925FF1CB384E200C55D84 /* 2.png */; };
		CDF926021CB3B4AE00C55D84 /* 5.png in Resources */ = {isa = PBXBuildFile; fileRef = CDF926011CB3B4AE00C55D84 /* 5.png */; };
		CDF926041CB3B4BB00C55D84 /* 4.png in Resources */ = {isa = PBXBuildFile; fileRef = CDF926031CB3B4BB00C55D84 /* 4.png */; };
/* End PBXBuildFile section */

/* Begin PBXContainerItemProxy section */
		CDDCC5651CA8E35500AD8D74 /* PBXContainerItemProxy */ = {
			isa = PBXContainerItemProxy;
			containerPortal = CDDCC5431CA8E35500AD8D74 /* Project object */;
			proxyType = 1;
			remoteGlobalIDString = CDDCC54A1CA8E35500AD8D74;
			remoteInfo = Cass;
		};
		CDDCC5701CA8E35500AD8D74 /* PBXContainerItemProxy */ = {
			isa = PBXContainerItemProxy;
			containerPortal = CDDCC5431CA8E35500AD8D74 /* Project object */;
			proxyType = 1;
			remoteGlobalIDString = CDDCC54A1CA8E35500AD8D74;
			remoteInfo = Cass;
		};
/* End PBXContainerItemProxy section */

/* Begin PBXFileReference section */
		CDDCC54B1CA8E35500AD8D74 /* Cass.app */ = {isa = PBXFileReference; explicitFileType = wrapper.application; includeInIndex = 0; path = Cass.app; sourceTree = BUILT_PRODUCTS_DIR; };
		CDDCC54F1CA8E35500AD8D74 /* main.m */ = {isa = PBXFileReference; lastKnownFileType = sourcecode.c.objc; path = main.m; sourceTree = "<group>"; };
		CDDCC5511CA8E35500AD8D74 /* AppDelegate.h */ = {isa = PBXFileReference; lastKnownFileType = sourcecode.c.h; path = AppDelegate.h; sourceTree = "<group>"; };
		CDDCC5521CA8E35500AD8D74 /* AppDelegate.m */ = {isa = PBXFileReference; lastKnownFileType = sourcecode.c.objc; path = AppDelegate.m; sourceTree = "<group>"; };
		CDDCC5581CA8E35500AD8D74 /* Base */ = {isa = PBXFileReference; lastKnownFileType = file.storyboard; name = Base; path = Base.lproj/Main.storyboard; sourceTree = "<group>"; };
		CDDCC55A1CA8E35500AD8D74 /* Assets.xcassets */ = {isa = PBXFileReference; lastKnownFileType = folder.assetcatalog; path = Assets.xcassets; sourceTree = "<group>"; };
		CDDCC55D1CA8E35500AD8D74 /* Base */ = {isa = PBXFileReference; lastKnownFileType = file.storyboard; name = Base; path = Base.lproj/LaunchScreen.storyboard; sourceTree = "<group>"; };
		CDDCC55F1CA8E35500AD8D74 /* Info.plist */ = {isa = PBXFileReference; lastKnownFileType = text.plist.xml; path = Info.plist; sourceTree = "<group>"; };
		CDDCC5641CA8E35500AD8D74 /* CassTests.xctest */ = {isa = PBXFileReference; explicitFileType = wrapper.cfbundle; includeInIndex = 0; path = CassTests.xctest; sourceTree = BUILT_PRODUCTS_DIR; };
		CDDCC5681CA8E35500AD8D74 /* CassTests.m */ = {isa = PBXFileReference; lastKnownFileType = sourcecode.c.objc; path = CassTests.m; sourceTree = "<group>"; };
		CDDCC56A1CA8E35500AD8D74 /* Info.plist */ = {isa = PBXFileReference; lastKnownFileType = text.plist.xml; path = Info.plist; sourceTree = "<group>"; };
		CDDCC56F1CA8E35500AD8D74 /* CassUITests.xctest */ = {isa = PBXFileReference; explicitFileType = wrapper.cfbundle; includeInIndex = 0; path = CassUITests.xctest; sourceTree = BUILT_PRODUCTS_DIR; };
		CDDCC5731CA8E35500AD8D74 /* CassUITests.m */ = {isa = PBXFileReference; lastKnownFileType = sourcecode.c.objc; path = CassUITests.m; sourceTree = "<group>"; };
		CDDCC5751CA8E35500AD8D74 /* Info.plist */ = {isa = PBXFileReference; lastKnownFileType = text.plist.xml; path = Info.plist; sourceTree = "<group>"; };
		CDF348401CAA4BD100FC6745 /* RootViewController.h */ = {isa = PBXFileReference; fileEncoding = 4; lastKnownFileType = sourcecode.c.h; path = RootViewController.h; sourceTree = "<group>"; };
		CDF348411CAA4BD100FC6745 /* RootViewController.m */ = {isa = PBXFileReference; fileEncoding = 4; lastKnownFileType = sourcecode.c.objc; path = RootViewController.m; sourceTree = "<group>"; };
		CDF348441CAA579C00FC6745 /* LYMenuView.h */ = {isa = PBXFileReference; fileEncoding = 4; lastKnownFileType = sourcecode.c.h; path = LYMenuView.h; sourceTree = "<group>"; };
		CDF348451CAA579C00FC6745 /* LYMenuView.m */ = {isa = PBXFileReference; fileEncoding = 4; lastKnownFileType = sourcecode.c.objc; path = LYMenuView.m; sourceTree = "<group>"; };
		CDF925FB1CB384CC00C55D84 /* 1.png */ = {isa = PBXFileReference; lastKnownFileType = image.png; path = 1.png; sourceTree = "<group>"; };
		CDF925FD1CB384D800C55D84 /* 3.png */ = {isa = PBXFileReference; lastKnownFileType = image.png; path = 3.png; sourceTree = "<group>"; };
		CDF925FF1CB384E200C55D84 /* 2.png */ = {isa = PBXFileReference; lastKnownFileType = image.png; path = 2.png; sourceTree = "<group>"; };
		CDF926011CB3B4AE00C55D84 /* 5.png */ = {isa = PBXFileReference; lastKnownFileType = image.png; path = 5.png; sourceTree = "<group>"; };
		CDF926031CB3B4BB00C55D84 /* 4.png */ = {isa = PBXFileReference; lastKnownFileType = image.png; path = 4.png; sourceTree = "<group>"; };
/* End PBXFileReference section */

/* Begin PBXFrameworksBuildPhase section */
		CDDCC5481CA8E35500AD8D74 /* Frameworks */ = {
			isa = PBXFrameworksBuildPhase;
			buildActionMask = 2147483647;
			files = (
			);
			runOnlyForDeploymentPostprocessing = 0;
		};
		CDDCC5611CA8E35500AD8D74 /* Frameworks */ = {
			isa = PBXFrameworksBuildPhase;
			buildActionMask = 2147483647;
			files = (
			);
			runOnlyForDeploymentPostprocessing = 0;
		};
		CDDCC56C1CA8E35500AD8D74 /* Frameworks */ = {
			isa = PBXFrameworksBuildPhase;
			buildActionMask = 2147483647;
			files = (
			);
			runOnlyForDeploymentPostprocessing = 0;
		};
/* End PBXFrameworksBuildPhase section */

/* Begin PBXGroup section */
		CDDCC5421CA8E35500AD8D74 = {
			isa = PBXGroup;
			children = (
				CDDCC54D1CA8E35500AD8D74 /* Cass */,
				CDDCC5671CA8E35500AD8D74 /* CassTests */,
				CDDCC5721CA8E35500AD8D74 /* CassUITests */,
				CDDCC54C1CA8E35500AD8D74 /* Products */,
			);
			sourceTree = "<group>";
		};
		CDDCC54C1CA8E35500AD8D74 /* Products */ = {
			isa = PBXGroup;
			children = (
				CDDCC54B1CA8E35500AD8D74 /* Cass.app */,
				CDDCC5641CA8E35500AD8D74 /* CassTests.xctest */,
				CDDCC56F1CA8E35500AD8D74 /* CassUITests.xctest */,
			);
			name = Products;
			sourceTree = "<group>";
		};
		CDDCC54D1CA8E35500AD8D74 /* Cass */ = {
			isa = PBXGroup;
			children = (
				CDFD601C1CB4CA51002A2D3B /* Image */,
				CDDCC5511CA8E35500AD8D74 /* AppDelegate.h */,
				CDDCC5521CA8E35500AD8D74 /* AppDelegate.m */,
				CDDCC54E1CA8E35500AD8D74 /* Supporting Files */,
				CDF348401CAA4BD100FC6745 /* RootViewController.h */,
				CDF348411CAA4BD100FC6745 /* RootViewController.m */,
				CDF348441CAA579C00FC6745 /* LYMenuView.h */,
				CDF348451CAA579C00FC6745 /* LYMenuView.m */,
			);
			path = Cass;
			sourceTree = "<group>";
		};
		CDDCC54E1CA8E35500AD8D74 /* Supporting Files */ = {
			isa = PBXGroup;
			children = (
				CDDCC5571CA8E35500AD8D74 /* Main.storyboard */,
				CDDCC55A1CA8E35500AD8D74 /* Assets.xcassets */,
				CDDCC55C1CA8E35500AD8D74 /* LaunchScreen.storyboard */,
				CDDCC55F1CA8E35500AD8D74 /* Info.plist */,
				CDDCC54F1CA8E35500AD8D74 /* main.m */,
			);
			name = "Supporting Files";
			sourceTree = "<group>";
		};
		CDDCC5671CA8E35500AD8D74 /* CassTests */ = {
			isa = PBXGroup;
			children = (
				CDDCC5681CA8E35500AD8D74 /* CassTests.m */,
				CDDCC56A1CA8E35500AD8D74 /* Info.plist */,
			);
			path = CassTests;
			sourceTree = "<group>";
		};
		CDDCC5721CA8E35500AD8D74 /* CassUITests */ = {
			isa = PBXGroup;
			children = (
				CDDCC5731CA8E35500AD8D74 /* CassUITests.m */,
				CDDCC5751CA8E35500AD8D74 /* Info.plist */,
			);
			path = CassUITests;
			sourceTree = "<group>";
		};
		CDFD601C1CB4CA51002A2D3B /* Image */ = {
			isa = PBXGroup;
			children = (
				CDF926031CB3B4BB00C55D84 /* 4.png */,
				CDF926011CB3B4AE00C55D84 /* 5.png */,
				CDF925FF1CB384E200C55D84 /* 2.png */,
				CDF925FB1CB384CC00C55D84 /* 1.png */,
				CDF925FD1CB384D800C55D84 /* 3.png */,
			);
			name = Image;
			sourceTree = "<group>";
		};
/* End PBXGroup section */

/* Begin PBXNativeTarget section */
		CDDCC54A1CA8E35500AD8D74 /* Cass */ = {
			isa = PBXNativeTarget;
			buildConfigurationList = CDDCC5781CA8E35500AD8D74 /* Build configuration list for PBXNativeTarget "Cass" */;
			buildPhases = (
				CDDCC5471CA8E35500AD8D74 /* Sources */,
				CDDCC5481CA8E35500AD8D74 /* Frameworks */,
				CDDCC5491CA8E35500AD8D74 /* Resources */,
			);
			buildRules = (
			);
			dependencies = (
			);
			name = Cass;
			productName = Cass;
			productReference = CDDCC54B1CA8E35500AD8D74 /* Cass.app */;
			productType = "com.apple.product-type.application";
		};
		CDDCC5631CA8E35500AD8D74 /* CassTests */ = {
			isa = PBXNativeTarget;
			buildConfigurationList = CDDCC57B1CA8E35500AD8D74 /* Build configuration list for PBXNativeTarget "CassTests" */;
			buildPhases = (
				CDDCC5601CA8E35500AD8D74 /* Sources */,
				CDDCC5611CA8E35500AD8D74 /* Frameworks */,
				CDDCC5621CA8E35500AD8D74 /* Resources */,
			);
			buildRules = (
			);
			dependencies = (
				CDDCC5661CA8E35500AD8D74 /* PBXTargetDependency */,
			);
			name = CassTests;
			productName = CassTests;
			productReference = CDDCC5641CA8E35500AD8D74 /* CassTests.xctest */;
			productType = "com.apple.product-type.bundle.unit-test";
		};
		CDDCC56E1CA8E35500AD8D74 /* CassUITests */ = {
			isa = PBXNativeTarget;
			buildConfigurationList = CDDCC57E1CA8E35500AD8D74 /* Build configuration list for PBXNativeTarget "CassUITests" */;
			buildPhases = (
				CDDCC56B1CA8E35500AD8D74 /* Sources */,
				CDDCC56C1CA8E35500AD8D74 /* Frameworks */,
				CDDCC56D1CA8E35500AD8D74 /* Resources */,
			);
			buildRules = (
			);
			dependencies = (
				CDDCC5711CA8E35500AD8D74 /* PBXTargetDependency */,
			);
			name = CassUITests;
			productName = CassUITests;
			productReference = CDDCC56F1CA8E35500AD8D74 /* CassUITests.xctest */;
			productType = "com.apple.product-type.bundle.ui-testing";
		};
/* End PBXNativeTarget section */

/* Begin PBXProject section */
		CDDCC5431CA8E35500AD8D74 /* Project object */ = {
			isa = PBXProject;
			attributes = {
				LastUpgradeCheck = 0720;
				ORGANIZATIONNAME = "刘杨";
				TargetAttributes = {
					CDDCC54A1CA8E35500AD8D74 = {
						CreatedOnToolsVersion = 7.2.1;
						DevelopmentTeam = 4ENJEYX49Q;
					};
					CDDCC5631CA8E35500AD8D74 = {
						CreatedOnToolsVersion = 7.2.1;
						TestTargetID = CDDCC54A1CA8E35500AD8D74;
					};
					CDDCC56E1CA8E35500AD8D74 = {
						CreatedOnToolsVersion = 7.2.1;
						TestTargetID = CDDCC54A1CA8E35500AD8D74;
					};
				};
			};
			buildConfigurationList = CDDCC5461CA8E35500AD8D74 /* Build configuration list for PBXProject "Cass" */;
			compatibilityVersion = "Xcode 3.2";
			developmentRegion = English;
			hasScannedForEncodings = 0;
			knownRegions = (
				en,
				Base,
			);
			mainGroup = CDDCC5421CA8E35500AD8D74;
			productRefGroup = CDDCC54C1CA8E35500AD8D74 /* Products */;
			projectDirPath = "";
			projectRoot = "";
			targets = (
				CDDCC54A1CA8E35500AD8D74 /* Cass */,
				CDDCC5631CA8E35500AD8D74 /* CassTests */,
				CDDCC56E1CA8E35500AD8D74 /* CassUITests */,
			);
		};
/* End PBXProject section */

/* Begin PBXResourcesBuildPhase section */
		CDDCC5491CA8E35500AD8D74 /* Resources */ = {
			isa = PBXResourcesBuildPhase;
			buildActionMask = 2147483647;
			files = (
				CDF926041CB3B4BB00C55D84 /* 4.png in Resources */,
				CDF926001CB384E200C55D84 /* 2.png in Resources */,
				CDDCC55E1CA8E35500AD8D74 /* LaunchScreen.storyboard in Resources */,
				CDF925FC1CB384CC00C55D84 /* 1.png in Resources */,
				CDDCC55B1CA8E35500AD8D74 /* Assets.xcassets in Resources */,
				CDF926021CB3B4AE00C55D84 /* 5.png in Resources */,
				CDF925FE1CB384D800C55D84 /* 3.png in Resources */,
				CDDCC5591CA8E35500AD8D74 /* Main.storyboard in Resources */,
			);
			runOnlyForDeploymentPostprocessing = 0;
		};
		CDDCC5621CA8E35500AD8D74 /* Resources */ = {
			isa = PBXResourcesBuildPhase;
			buildActionMask = 2147483647;
			files = (
			);
			runOnlyForDeploymentPostprocessing = 0;
		};
		CDDCC56D1CA8E35500AD8D74 /* Resources */ = {
			isa = PBXResourcesBuildPhase;
			buildActionMask = 2147483647;
			files = (
			);
			runOnlyForDeploymentPostprocessing = 0;
		};
/* End PBXResourcesBuildPhase section */

/* Begin PBXSourcesBuildPhase section */
		CDDCC5471CA8E35500AD8D74 /* Sources */ = {
			isa = PBXSourcesBuildPhase;
			buildActionMask = 2147483647;
			files = (
				CDDCC5531CA8E35500AD8D74 /* AppDelegate.m in Sources */,
				CDDCC5501CA8E35500AD8D74 /* main.m in Sources */,
				CDF348421CAA4BD100FC6745 /* RootViewController.m in Sources */,
				CDF348461CAA579C00FC6745 /* LYMenuView.m in Sources */,
			);
			runOnlyForDeploymentPostprocessing = 0;
		};
		CDDCC5601CA8E35500AD8D74 /* Sources */ = {
			isa = PBXSourcesBuildPhase;
			buildActionMask = 2147483647;
			files = (
				CDDCC5691CA8E35500AD8D74 /* CassTests.m in Sources */,
			);
			runOnlyForDeploymentPostprocessing = 0;
		};
		CDDCC56B1CA8E35500AD8D74 /* Sources */ = {
			isa = PBXSourcesBuildPhase;
			buildActionMask = 2147483647;
			files = (
				CDDCC5741CA8E35500AD8D74 /* CassUITests.m in Sources */,
			);
			runOnlyForDeploymentPostprocessing = 0;
		};
/* End PBXSourcesBuildPhase section */

/* Begin PBXTargetDependency section */
		CDDCC5661CA8E35500AD8D74 /* PBXTargetDependency */ = {
			isa = PBXTargetDependency;
			target = CDDCC54A1CA8E35500AD8D74 /* Cass */;
			targetProxy = CDDCC5651CA8E35500AD8D74 /* PBXContainerItemProxy */;
		};
		CDDCC5711CA8E35500AD8D74 /* PBXTargetDependency */ = {
			isa = PBXTargetDependency;
			target = CDDCC54A1CA8E35500AD8D74 /* Cass */;
			targetProxy = CDDCC5701CA8E35500AD8D74 /* PBXContainerItemProxy */;
		};
/* End PBXTargetDependency section */

/* Begin PBXVariantGroup section */
		CDDCC5571CA8E35500AD8D74 /* Main.storyboard */ = {
			isa = PBXVariantGroup;
			children = (
				CDDCC5581CA8E35500AD8D74 /* Base */,
			);
			name = Main.storyboard;
			sourceTree = "<group>";
		};
		CDDCC55C1CA8E35500AD8D74 /* LaunchScreen.storyboard */ = {
			isa = PBXVariantGroup;
			children = (
				CDDCC55D1CA8E35500AD8D74 /* Base */,
			);
			name = LaunchScreen.storyboard;
			sourceTree = "<group>";
		};
/* End PBXVariantGroup section */

/* Begin XCBuildConfiguration section */
		CDDCC5761CA8E35500AD8D74 /* Debug */ = {
			isa = XCBuildConfiguration;
			buildSettings = {
				ALWAYS_SEARCH_USER_PATHS = NO;
				CLANG_CXX_LANGUAGE_STANDARD = "gnu++0x";
				CLANG_CXX_LIBRARY = "libc++";
				CLANG_ENABLE_MODULES = YES;
				CLANG_ENABLE_OBJC_ARC = YES;
				CLANG_WARN_BOOL_CONVERSION = YES;
				CLANG_WARN_CONSTANT_CONVERSION = YES;
				CLANG_WARN_DIRECT_OBJC_ISA_USAGE = YES_ERROR;
				CLANG_WARN_EMPTY_BODY = YES;
				CLANG_WARN_ENUM_CONVERSION = YES;
				CLANG_WARN_INT_CONVERSION = YES;
				CLANG_WARN_OBJC_ROOT_CLASS = YES_ERROR;
				CLANG_WARN_UNREACHABLE_CODE = YES;
				CLANG_WARN__DUPLICATE_METHOD_MATCH = YES;
				"CODE_SIGN_IDENTITY[sdk=iphoneos*]" = "iPhone Developer";
				COPY_PHASE_STRIP = NO;
				DEBUG_INFORMATION_FORMAT = dwarf;
				ENABLE_STRICT_OBJC_MSGSEND = YES;
				ENABLE_TESTABILITY = YES;
				GCC_C_LANGUAGE_STANDARD = gnu99;
				GCC_DYNAMIC_NO_PIC = NO;
				GCC_NO_COMMON_BLOCKS = YES;
				GCC_OPTIMIZATION_LEVEL = 0;
				GCC_PREPROCESSOR_DEFINITIONS = (
					"DEBUG=1",
					"$(inherited)",
				);
				GCC_WARN_64_TO_32_BIT_CONVERSION = YES;
				GCC_WARN_ABOUT_RETURN_TYPE = YES_ERROR;
				GCC_WARN_UNDECLARED_SELECTOR = YES;
				GCC_WARN_UNINITIALIZED_AUTOS = YES_AGGRESSIVE;
				GCC_WARN_UNUSED_FUNCTION = YES;
				GCC_WARN_UNUSED_VARIABLE = YES;
				IPHONEOS_DEPLOYMENT_TARGET = 7.0;
				MTL_ENABLE_DEBUG_INFO = YES;
				ONLY_ACTIVE_ARCH = YES;
				SDKROOT = iphoneos;
			};
			name = Debug;
		};
		CDDCC5771CA8E35500AD8D74 /* Release */ = {
			isa = XCBuildConfiguration;
			buildSettings = {
				ALWAYS_SEARCH_USER_PATHS = NO;
				CLANG_CXX_LANGUAGE_STANDARD = "gnu++0x";
				CLANG_CXX_LIBRARY = "libc++";
				CLANG_ENABLE_MODULES = YES;
				CLANG_ENABLE_OBJC_ARC = YES;
				CLANG_WARN_BOOL_CONVERSION = YES;
				CLANG_WARN_CONSTANT_CONVERSION = YES;
				CLANG_WARN_DIRECT_OBJC_ISA_USAGE = YES_ERROR;
				CLANG_WARN_EMPTY_BODY = YES;
				CLANG_WARN_ENUM_CONVERSION = YES;
				CLANG_WARN_INT_CONVERSION = YES;
				CLANG_WARN_OBJC_ROOT_CLASS = YES_ERROR;
				CLANG_WARN_UNREACHABLE_CODE = YES;
				CLANG_WARN__DUPLICATE_METHOD_MATCH = YES;
				"CODE_SIGN_IDENTITY[sdk=iphoneos*]" = "iPhone Developer";
				COPY_PHASE_STRIP = NO;
				DEBUG_INFORMATION_FORMAT = "dwarf-with-dsym";
				ENABLE_NS_ASSERTIONS = NO;
				ENABLE_STRICT_OBJC_MSGSEND = YES;
				GCC_C_LANGUAGE_STANDARD = gnu99;
				GCC_NO_COMMON_BLOCKS = YES;
				GCC_WARN_64_TO_32_BIT_CONVERSION = YES;
				GCC_WARN_ABOUT_RETURN_TYPE = YES_ERROR;
				GCC_WARN_UNDECLARED_SELECTOR = YES;
				GCC_WARN_UNINITIALIZED_AUTOS = YES_AGGRESSIVE;
				GCC_WARN_UNUSED_FUNCTION = YES;
				GCC_WARN_UNUSED_VARIABLE = YES;
				IPHONEOS_DEPLOYMENT_TARGET = 7.0;
				MTL_ENABLE_DEBUG_INFO = NO;
				SDKROOT = iphoneos;
				VALIDATE_PRODUCT = YES;
			};
			name = Release;
		};
		CDDCC5791CA8E35500AD8D74 /* Debug */ = {
			isa = XCBuildConfiguration;
			buildSettings = {
				ASSETCATALOG_COMPILER_APPICON_NAME = AppIcon;
				CODE_SIGN_IDENTITY = "iPhone Developer";
				ENABLE_BITCODE = NO;
				ENABLE_STRICT_OBJC_MSGSEND = YES;
				GCC_PREPROCESSOR_DEFINITIONS = (
					"DEBUG=1",
					"$(inherited)",
				);
				INFOPLIST_FILE = Cass/Info.plist;
				IPHONEOS_DEPLOYMENT_TARGET = 7.0;
				LD_RUNPATH_SEARCH_PATHS = "$(inherited) @executable_path/Frameworks";
				LIBRARY_SEARCH_PATHS = (
					"$(inherited)",
					"$(PROJECT_DIR)/Cass/MediaX/library/Audio_Video",
					"$(PROJECT_DIR)/Cass/MediaX/library/Base",
					"$(PROJECT_DIR)/Cass/MediaX/library/Contacts_Presence",
					"$(PROJECT_DIR)/Cass/MediaX/library/EAB",
					"$(PROJECT_DIR)/Cass/MediaX/library/http",
					"$(PROJECT_DIR)/Cass/MediaX/library/Meeting",
					"$(PROJECT_DIR)/Cass/MediaX/library/Message_Sharing",
					"$(PROJECT_DIR)/Cass/MediaX/library/NAB",
					"$(PROJECT_DIR)/Cass/MediaX/library/OMP",
					"$(PROJECT_DIR)/Cass/MediaX/library/PubGroup",
					"$(PROJECT_DIR)/Cass/MediaX/library/Push",
					"$(PROJECT_DIR)/Cass/MediaX/library/Statistics",
					"$(PROJECT_DIR)/Cass/MediaX/library/UnionAuth",
				);
				PRODUCT_BUNDLE_IDENTIFIER = feinno.com.Cass;
				PRODUCT_NAME = "$(TARGET_NAME)";
			};
			name = Debug;
		};
		CDDCC57A1CA8E35500AD8D74 /* Release */ = {
			isa = XCBuildConfiguration;
			buildSettings = {
				ASSETCATALOG_COMPILER_APPICON_NAME = AppIcon;
				CODE_SIGN_IDENTITY = "iPhone Developer";
				ENABLE_BITCODE = NO;
				ENABLE_STRICT_OBJC_MSGSEND = YES;
				INFOPLIST_FILE = Cass/Info.plist;
				IPHONEOS_DEPLOYMENT_TARGET = 7.0;
				LD_RUNPATH_SEARCH_PATHS = "$(inherited) @executable_path/Frameworks";
				LIBRARY_SEARCH_PATHS = (
					"$(inherited)",
					"$(PROJECT_DIR)/Cass/MediaX/library/Audio_Video",
					"$(PROJECT_DIR)/Cass/MediaX/library/Base",
					"$(PROJECT_DIR)/Cass/MediaX/library/Contacts_Presence",
					"$(PROJECT_DIR)/Cass/MediaX/library/EAB",
					"$(PROJECT_DIR)/Cass/MediaX/library/http",
					"$(PROJECT_DIR)/Cass/MediaX/library/Meeting",
					"$(PROJECT_DIR)/Cass/MediaX/library/Message_Sharing",
					"$(PROJECT_DIR)/Cass/MediaX/library/NAB",
					"$(PROJECT_DIR)/Cass/MediaX/library/OMP",
					"$(PROJECT_DIR)/Cass/MediaX/library/PubGroup",
					"$(PROJECT_DIR)/Cass/MediaX/library/Push",
					"$(PROJECT_DIR)/Cass/MediaX/library/Statistics",
					"$(PROJECT_DIR)/Cass/MediaX/library/UnionAuth",
				);
				PRODUCT_BUNDLE_IDENTIFIER = feinno.com.Cass;
				PRODUCT_NAME = "$(TARGET_NAME)";
			};
			name = Release;
		};
		CDDCC57C1CA8E35500AD8D74 /* Debug */ = {
			isa = XCBuildConfiguration;
			buildSettings = {
				BUNDLE_LOADER = "$(TEST_HOST)";
				INFOPLIST_FILE = CassTests/Info.plist;
				LD_RUNPATH_SEARCH_PATHS = "$(inherited) @executable_path/Frameworks @loader_path/Frameworks";
				PRODUCT_BUNDLE_IDENTIFIER = feinno.com.CassTests;
				PRODUCT_NAME = "$(TARGET_NAME)";
				TEST_HOST = "$(BUILT_PRODUCTS_DIR)/Cass.app/Cass";
			};
			name = Debug;
		};
		CDDCC57D1CA8E35500AD8D74 /* Release */ = {
			isa = XCBuildConfiguration;
			buildSettings = {
				BUNDLE_LOADER = "$(TEST_HOST)";
				INFOPLIST_FILE = CassTests/Info.plist;
				LD_RUNPATH_SEARCH_PATHS = "$(inherited) @executable_path/Frameworks @loader_path/Frameworks";
				PRODUCT_BUNDLE_IDENTIFIER = feinno.com.CassTests;
				PRODUCT_NAME = "$(TARGET_NAME)";
				TEST_HOST = "$(BUILT_PRODUCTS_DIR)/Cass.app/Cass";
			};
			name = Release;
		};
		CDDCC57F1CA8E35500AD8D74 /* Debug */ = {
			isa = XCBuildConfiguration;
			buildSettings = {
				INFOPLIST_FILE = CassUITests/Info.plist;
				LD_RUNPATH_SEARCH_PATHS = "$(inherited) @executable_path/Frameworks @loader_path/Frameworks";
				PRODUCT_BUNDLE_IDENTIFIER = feinno.com.CassUITests;
				PRODUCT_NAME = "$(TARGET_NAME)";
				TEST_TARGET_NAME = Cass;
				USES_XCTRUNNER = YES;
			};
			name = Debug;
		};
		CDDCC5801CA8E35500AD8D74 /* Release */ = {
			isa = XCBuildConfiguration;
			buildSettings = {
				INFOPLIST_FILE = CassUITests/Info.plist;
				LD_RUNPATH_SEARCH_PATHS = "$(inherited) @executable_path/Frameworks @loader_path/Frameworks";
				PRODUCT_BUNDLE_IDENTIFIER = feinno.com.CassUITests;
				PRODUCT_NAME = "$(TARGET_NAME)";
				TEST_TARGET_NAME = Cass;
				USES_XCTRUNNER = YES;
			};
			name = Release;
		};
/* End XCBuildConfiguration section */

/* Begin XCConfigurationList section */
		CDDCC5461CA8E35500AD8D74 /* Build configuration list for PBXProject "Cass" */ = {
			isa = XCConfigurationList;
			buildConfigurations = (
				CDDCC5761CA8E35500AD8D74 /* Debug */,
				CDDCC5771CA8E35500AD8D74 /* Release */,
			);
			defaultConfigurationIsVisible = 0;
			defaultConfigurationName = Release;
		};
		CDDCC5781CA8E35500AD8D74 /* Build configuration list for PBXNativeTarget "Cass" */ = {
			isa = XCConfigurationList;
			buildConfigurations = (
				CDDCC5791CA8E35500AD8D74 /* Debug */,
				CDDCC57A1CA8E35500AD8D74 /* Release */,
			);
			defaultConfigurationIsVisible = 0;
			defaultConfigurationName = Release;
		};
		CDDCC57B1CA8E35500AD8D74 /* Build configuration list for PBXNativeTarget "CassTests" */ = {
			isa = XCConfigurationList;
			buildConfigurations = (
				CDDCC57C1CA8E35500AD8D74 /* Debug */,
				CDDCC57D1CA8E35500AD8D74 /* Release */,
			);
			defaultConfigurationIsVisible = 0;
			defaultConfigurationName = Release;
		};
		CDDCC57E1CA8E35500AD8D74 /* Build configuration list for PBXNativeTarget "CassUITests" */ = {
			isa = XCConfigurationList;
			buildConfigurations = (
				CDDCC57F1CA8E35500AD8D74 /* Debug */,
				CDDCC5801CA8E35500AD8D74 /* Release */,
			);
			defaultConfigurationIsVisible = 0;
			defaultConfigurationName = Release;
		};
/* End XCConfigurationList section */
	};
	rootObject = CDDCC5431CA8E35500AD8D74 /* Project object */;
}
