// !$*UTF8*$!
{
	archiveVersion = 1;
	classes = {
	};
	objectVersion = 46;
	objects = {

/* Begin PBXBuildFile section */
		83D5EE4B4203DE9C324A325E /* libPods-ChatServer.a in Frameworks */ = {isa = PBXBuildFile; fileRef = A539C35BC329CA4657978A93 /* libPods-ChatServer.a */; };
		CD0324C31FA767B400878118 /* ChatMessage.m in Sources */ = {isa = PBXBuildFile; fileRef = CD0324BB1FA767B400878118 /* ChatMessage.m */; };
		CD0324CD1FA7684C00878118 /* CSBaseViewController.m in Sources */ = {isa = PBXBuildFile; fileRef = CD0324CC1FA7684C00878118 /* CSBaseViewController.m */; };
		CD0324D41FA7688D00878118 /* CSReisgterViewController.m in Sources */ = {isa = PBXBuildFile; fileRef = CD0324D21FA7688D00878118 /* CSReisgterViewController.m */; };
		CD0324D51FA7688D00878118 /* CSReisgterViewController.xib in Resources */ = {isa = PBXBuildFile; fileRef = CD0324D31FA7688D00878118 /* CSReisgterViewController.xib */; };
		CD0324D81FAA147100878118 /* ChatConnectionReachable.m in Sources */ = {isa = PBXBuildFile; fileRef = CD0324D71FAA147100878118 /* ChatConnectionReachable.m */; };
		CD0324EA1FAC695C00878118 /* CSServerViewController.m in Sources */ = {isa = PBXBuildFile; fileRef = CD0324E81FAC695C00878118 /* CSServerViewController.m */; };
		CD0324EB1FAC695C00878118 /* CSServerViewController.xib in Resources */ = {isa = PBXBuildFile; fileRef = CD0324E91FAC695C00878118 /* CSServerViewController.xib */; };
		CD0324F91FAC9E7800878118 /* CSUserDefaultStore.m in Sources */ = {isa = PBXBuildFile; fileRef = CD0324F81FAC9E7800878118 /* CSUserDefaultStore.m */; };
		CD0325031FAD9E1600878118 /* CSAlertView.m in Sources */ = {isa = PBXBuildFile; fileRef = CD0325021FAD9E1600878118 /* CSAlertView.m */; };
		CD0325051FADA6CB00878118 /* ServerString.strings in Resources */ = {isa = PBXBuildFile; fileRef = CD0325041FADA6CB00878118 /* ServerString.strings */; };
		CD0325071FADA6D800878118 /* iPhoneString.strings in Resources */ = {isa = PBXBuildFile; fileRef = CD0325061FADA6D800878118 /* iPhoneString.strings */; };
		CD0BCF591FADE10600F9689A /* ChatiPhoneClient.m in Sources */ = {isa = PBXBuildFile; fileRef = CD0BCF551FADE10600F9689A /* ChatiPhoneClient.m */; };
		CD0BCF5A1FADE10600F9689A /* ChatServerClient.m in Sources */ = {isa = PBXBuildFile; fileRef = CD0BCF581FADE10600F9689A /* ChatServerClient.m */; };
		CD0BCF5D1FADE11800F9689A /* ChatiPhoneTask.m in Sources */ = {isa = PBXBuildFile; fileRef = CD0BCF5C1FADE11800F9689A /* ChatiPhoneTask.m */; };
		CD0BCF621FADF0A400F9689A /* CSUUIDUntil.m in Sources */ = {isa = PBXBuildFile; fileRef = CD0BCF611FADF0A400F9689A /* CSUUIDUntil.m */; };
		CD0DE82C1FD2BDB000C90E51 /* ICON.bundle in Resources */ = {isa = PBXBuildFile; fileRef = CD0DE82B1FD2BDB000C90E51 /* ICON.bundle */; };
		CD0DE82F1FD2C07000C90E51 /* CSImageUntil.m in Sources */ = {isa = PBXBuildFile; fileRef = CD0DE82E1FD2C07000C90E51 /* CSImageUntil.m */; };
		CD0DE8421FF62F6000C90E51 /* CSFileLogger.m in Sources */ = {isa = PBXBuildFile; fileRef = CD0DE8411FF62F6000C90E51 /* CSFileLogger.m */; };
		CD0DE8451FF62FBB00C90E51 /* CSFileUntil.m in Sources */ = {isa = PBXBuildFile; fileRef = CD0DE8441FF62FBB00C90E51 /* CSFileUntil.m */; };
		CD0DE8481FF63F2800C90E51 /* CSDateUntil.m in Sources */ = {isa = PBXBuildFile; fileRef = CD0DE8471FF63F2800C90E51 /* CSDateUntil.m */; };
		CD0DE8701FF69EF200C90E51 /* CSSocket.m in Sources */ = {isa = PBXBuildFile; fileRef = CD0DE8621FF69EF100C90E51 /* CSSocket.m */; };
		CD0DE8711FF69EF200C90E51 /* CSGCDSource.m in Sources */ = {isa = PBXBuildFile; fileRef = CD0DE8641FF69EF100C90E51 /* CSGCDSource.m */; };
		CD0DE8721FF69EF200C90E51 /* CSGCDTimer.m in Sources */ = {isa = PBXBuildFile; fileRef = CD0DE8661FF69EF100C90E51 /* CSGCDTimer.m */; };
		CD0DE8731FF69EF200C90E51 /* CSSocketAddress.m in Sources */ = {isa = PBXBuildFile; fileRef = CD0DE86A1FF69EF100C90E51 /* CSSocketAddress.m */; };
		CD0DE8741FF69EF200C90E51 /* CSSocketError.m in Sources */ = {isa = PBXBuildFile; fileRef = CD0DE86D1FF69EF100C90E51 /* CSSocketError.m */; };
		CD0DE8771FF69F8300C90E51 /* CSGCDAccept.m in Sources */ = {isa = PBXBuildFile; fileRef = CD0DE8761FF69F8300C90E51 /* CSGCDAccept.m */; };
		CD0DE87A1FF69F9500C90E51 /* CSGCDWrite.m in Sources */ = {isa = PBXBuildFile; fileRef = CD0DE8791FF69F9500C90E51 /* CSGCDWrite.m */; };
		CD0DE87D1FF69F9D00C90E51 /* CSGCDRead.m in Sources */ = {isa = PBXBuildFile; fileRef = CD0DE87C1FF69F9D00C90E51 /* CSGCDRead.m */; };
		CD0DE8801FF6A46000C90E51 /* CSConnectSocket.m in Sources */ = {isa = PBXBuildFile; fileRef = CD0DE87F1FF6A46000C90E51 /* CSConnectSocket.m */; };
		CD0DE8841FF90A1300C90E51 /* CSConnection.m in Sources */ = {isa = PBXBuildFile; fileRef = CD0DE8831FF90A1300C90E51 /* CSConnection.m */; };
		CD0DE8871FFA1A3200C90E51 /* CSSocketPack.m in Sources */ = {isa = PBXBuildFile; fileRef = CD0DE8861FFA1A3200C90E51 /* CSSocketPack.m */; };
		CD349D441F5ADFE3002E4987 /* main.m in Sources */ = {isa = PBXBuildFile; fileRef = CD349D431F5ADFE3002E4987 /* main.m */; };
		CD349D471F5ADFE3002E4987 /* AppDelegate.m in Sources */ = {isa = PBXBuildFile; fileRef = CD349D461F5ADFE3002E4987 /* AppDelegate.m */; };
		CD349D4F1F5ADFE3002E4987 /* Assets.xcassets in Resources */ = {isa = PBXBuildFile; fileRef = CD349D4E1F5ADFE3002E4987 /* Assets.xcassets */; };
		CD349D521F5ADFE3002E4987 /* LaunchScreen.storyboard in Resources */ = {isa = PBXBuildFile; fileRef = CD349D501F5ADFE3002E4987 /* LaunchScreen.storyboard */; };
		CD349D5D1F5ADFE3002E4987 /* ChatServerTests.m in Sources */ = {isa = PBXBuildFile; fileRef = CD349D5C1F5ADFE3002E4987 /* ChatServerTests.m */; };
		CD349D681F5ADFE3002E4987 /* ChatServerUITests.m in Sources */ = {isa = PBXBuildFile; fileRef = CD349D671F5ADFE3002E4987 /* ChatServerUITests.m */; };
		CDF88A361FD2959100CA662E /* CSTabBarController.m in Sources */ = {isa = PBXBuildFile; fileRef = CDF88A351FD2959100CA662E /* CSTabBarController.m */; };
		CDF88A391FD295A500CA662E /* CSNavigationController.m in Sources */ = {isa = PBXBuildFile; fileRef = CDF88A381FD295A500CA662E /* CSNavigationController.m */; };
		CDFFAC9F200CE7DE000E6016 /* CSGCDSocketSource.m in Sources */ = {isa = PBXBuildFile; fileRef = CDFFAC9E200CE7DE000E6016 /* CSGCDSocketSource.m */; };
		CDFFACA5200E1F2E000E6016 /* CoreSocket.m in Sources */ = {isa = PBXBuildFile; fileRef = CDFFACA3200E1F2E000E6016 /* CoreSocket.m */; };
		CDFFACA6200E1F2E000E6016 /* CoreSocketPacket.m in Sources */ = {isa = PBXBuildFile; fileRef = CDFFACA4200E1F2E000E6016 /* CoreSocketPacket.m */; };
		CDFFACAA200E3449000E6016 /* CSTcpRequest.m in Sources */ = {isa = PBXBuildFile; fileRef = CDFFACA8200E3449000E6016 /* CSTcpRequest.m */; };
		CDFFACB2200E34D7000E6016 /* RegisterSqliteHelper.m in Sources */ = {isa = PBXBuildFile; fileRef = CDFFACAC200E34D7000E6016 /* RegisterSqliteHelper.m */; };
		CDFFACB3200E34D7000E6016 /* LoginStateSqliteHelper.m in Sources */ = {isa = PBXBuildFile; fileRef = CDFFACAD200E34D7000E6016 /* LoginStateSqliteHelper.m */; };
		CDFFACB4200E34D7000E6016 /* SqliteHelper.m in Sources */ = {isa = PBXBuildFile; fileRef = CDFFACB1200E34D7000E6016 /* SqliteHelper.m */; };
		CDFFACBA200E34E4000E6016 /* CSTcpRequestOperation.m in Sources */ = {isa = PBXBuildFile; fileRef = CDFFACB8200E34E4000E6016 /* CSTcpRequestOperation.m */; };
		CDFFACBB200E34E4000E6016 /* CSBaseOperation.m in Sources */ = {isa = PBXBuildFile; fileRef = CDFFACB9200E34E4000E6016 /* CSBaseOperation.m */; };
		CDFFACBF200E350B000E6016 /* ChatClient.m in Sources */ = {isa = PBXBuildFile; fileRef = CDFFACBE200E350B000E6016 /* ChatClient.m */; };
		CDFFACC2200E384F000E6016 /* ChatConnection.m in Sources */ = {isa = PBXBuildFile; fileRef = CDFFACC1200E384F000E6016 /* ChatConnection.m */; };
		CDFFACC620136133000E6016 /* CSServerConnectedCell.m in Sources */ = {isa = PBXBuildFile; fileRef = CDFFACC420136133000E6016 /* CSServerConnectedCell.m */; };
		CDFFACC720136133000E6016 /* CSServerConnectedCell.xib in Resources */ = {isa = PBXBuildFile; fileRef = CDFFACC520136133000E6016 /* CSServerConnectedCell.xib */; };
		CDFFACCB20146EF0000E6016 /* CSRegistAccountViewController.m in Sources */ = {isa = PBXBuildFile; fileRef = CDFFACC920146EF0000E6016 /* CSRegistAccountViewController.m */; };
		CDFFACCC20146EF0000E6016 /* CSRegistAccountViewController.xib in Resources */ = {isa = PBXBuildFile; fileRef = CDFFACCA20146EF0000E6016 /* CSRegistAccountViewController.xib */; };
/* End PBXBuildFile section */

/* Begin PBXContainerItemProxy section */
		CD349D591F5ADFE3002E4987 /* PBXContainerItemProxy */ = {
			isa = PBXContainerItemProxy;
			containerPortal = CD349D371F5ADFE3002E4987 /* Project object */;
			proxyType = 1;
			remoteGlobalIDString = CD349D3E1F5ADFE3002E4987;
			remoteInfo = ChatServer;
		};
		CD349D641F5ADFE3002E4987 /* PBXContainerItemProxy */ = {
			isa = PBXContainerItemProxy;
			containerPortal = CD349D371F5ADFE3002E4987 /* Project object */;
			proxyType = 1;
			remoteGlobalIDString = CD349D3E1F5ADFE3002E4987;
			remoteInfo = ChatServer;
		};
/* End PBXContainerItemProxy section */

/* Begin PBXFileReference section */
		18EE29D7DF4D1615B0D0518B /* Pods-ChatServer.debug.xcconfig */ = {isa = PBXFileReference; includeInIndex = 1; lastKnownFileType = text.xcconfig; name = "Pods-ChatServer.debug.xcconfig"; path = "Pods/Target Support Files/Pods-ChatServer/Pods-ChatServer.debug.xcconfig"; sourceTree = "<group>"; };
		6A2A0526F1FC015A48BF7EF7 /* Pods-ChatServer.release.xcconfig */ = {isa = PBXFileReference; includeInIndex = 1; lastKnownFileType = text.xcconfig; name = "Pods-ChatServer.release.xcconfig"; path = "Pods/Target Support Files/Pods-ChatServer/Pods-ChatServer.release.xcconfig"; sourceTree = "<group>"; };
		A539C35BC329CA4657978A93 /* libPods-ChatServer.a */ = {isa = PBXFileReference; explicitFileType = archive.ar; includeInIndex = 0; path = "libPods-ChatServer.a"; sourceTree = BUILT_PRODUCTS_DIR; };
		CD0324BA1FA767B400878118 /* ChatMessage.h */ = {isa = PBXFileReference; fileEncoding = 4; lastKnownFileType = sourcecode.c.h; path = ChatMessage.h; sourceTree = "<group>"; };
		CD0324BB1FA767B400878118 /* ChatMessage.m */ = {isa = PBXFileReference; fileEncoding = 4; lastKnownFileType = sourcecode.c.objc; path = ChatMessage.m; sourceTree = "<group>"; };
		CD0324BC1FA767B400878118 /* ChatMessageProtocol.h */ = {isa = PBXFileReference; fileEncoding = 4; lastKnownFileType = sourcecode.c.h; path = ChatMessageProtocol.h; sourceTree = "<group>"; };
		CD0324CB1FA7684C00878118 /* CSBaseViewController.h */ = {isa = PBXFileReference; fileEncoding = 4; lastKnownFileType = sourcecode.c.h; path = CSBaseViewController.h; sourceTree = "<group>"; };
		CD0324CC1FA7684C00878118 /* CSBaseViewController.m */ = {isa = PBXFileReference; fileEncoding = 4; lastKnownFileType = sourcecode.c.objc; path = CSBaseViewController.m; sourceTree = "<group>"; };
		CD0324D11FA7688D00878118 /* CSReisgterViewController.h */ = {isa = PBXFileReference; fileEncoding = 4; lastKnownFileType = sourcecode.c.h; path = CSReisgterViewController.h; sourceTree = "<group>"; };
		CD0324D21FA7688D00878118 /* CSReisgterViewController.m */ = {isa = PBXFileReference; fileEncoding = 4; lastKnownFileType = sourcecode.c.objc; path = CSReisgterViewController.m; sourceTree = "<group>"; };
		CD0324D31FA7688D00878118 /* CSReisgterViewController.xib */ = {isa = PBXFileReference; fileEncoding = 4; lastKnownFileType = file.xib; path = CSReisgterViewController.xib; sourceTree = "<group>"; };
		CD0324D61FAA147100878118 /* ChatConnectionReachable.h */ = {isa = PBXFileReference; fileEncoding = 4; lastKnownFileType = sourcecode.c.h; path = ChatConnectionReachable.h; sourceTree = "<group>"; };
		CD0324D71FAA147100878118 /* ChatConnectionReachable.m */ = {isa = PBXFileReference; fileEncoding = 4; lastKnownFileType = sourcecode.c.objc; path = ChatConnectionReachable.m; sourceTree = "<group>"; };
		CD0324E71FAC695C00878118 /* CSServerViewController.h */ = {isa = PBXFileReference; fileEncoding = 4; lastKnownFileType = sourcecode.c.h; path = CSServerViewController.h; sourceTree = "<group>"; };
		CD0324E81FAC695C00878118 /* CSServerViewController.m */ = {isa = PBXFileReference; fileEncoding = 4; lastKnownFileType = sourcecode.c.objc; path = CSServerViewController.m; sourceTree = "<group>"; };
		CD0324E91FAC695C00878118 /* CSServerViewController.xib */ = {isa = PBXFileReference; fileEncoding = 4; lastKnownFileType = file.xib; path = CSServerViewController.xib; sourceTree = "<group>"; };
		CD0324F71FAC9E7800878118 /* CSUserDefaultStore.h */ = {isa = PBXFileReference; fileEncoding = 4; lastKnownFileType = sourcecode.c.h; path = CSUserDefaultStore.h; sourceTree = "<group>"; };
		CD0324F81FAC9E7800878118 /* CSUserDefaultStore.m */ = {isa = PBXFileReference; fileEncoding = 4; lastKnownFileType = sourcecode.c.objc; path = CSUserDefaultStore.m; sourceTree = "<group>"; };
		CD0325011FAD9E1600878118 /* CSAlertView.h */ = {isa = PBXFileReference; fileEncoding = 4; lastKnownFileType = sourcecode.c.h; path = CSAlertView.h; sourceTree = "<group>"; };
		CD0325021FAD9E1600878118 /* CSAlertView.m */ = {isa = PBXFileReference; fileEncoding = 4; lastKnownFileType = sourcecode.c.objc; path = CSAlertView.m; sourceTree = "<group>"; };
		CD0325041FADA6CB00878118 /* ServerString.strings */ = {isa = PBXFileReference; fileEncoding = 4; lastKnownFileType = text.plist.strings; path = ServerString.strings; sourceTree = "<group>"; };
		CD0325061FADA6D800878118 /* iPhoneString.strings */ = {isa = PBXFileReference; fileEncoding = 4; lastKnownFileType = text.plist.strings; path = iPhoneString.strings; sourceTree = "<group>"; };
		CD0BCF541FADE10600F9689A /* ChatiPhoneClient.h */ = {isa = PBXFileReference; fileEncoding = 4; lastKnownFileType = sourcecode.c.h; path = ChatiPhoneClient.h; sourceTree = "<group>"; };
		CD0BCF551FADE10600F9689A /* ChatiPhoneClient.m */ = {isa = PBXFileReference; fileEncoding = 4; lastKnownFileType = sourcecode.c.objc; path = ChatiPhoneClient.m; sourceTree = "<group>"; };
		CD0BCF571FADE10600F9689A /* ChatServerClient.h */ = {isa = PBXFileReference; fileEncoding = 4; lastKnownFileType = sourcecode.c.h; path = ChatServerClient.h; sourceTree = "<group>"; };
		CD0BCF581FADE10600F9689A /* ChatServerClient.m */ = {isa = PBXFileReference; fileEncoding = 4; lastKnownFileType = sourcecode.c.objc; path = ChatServerClient.m; sourceTree = "<group>"; };
		CD0BCF5B1FADE11800F9689A /* ChatiPhoneTask.h */ = {isa = PBXFileReference; fileEncoding = 4; lastKnownFileType = sourcecode.c.h; path = ChatiPhoneTask.h; sourceTree = "<group>"; };
		CD0BCF5C1FADE11800F9689A /* ChatiPhoneTask.m */ = {isa = PBXFileReference; fileEncoding = 4; lastKnownFileType = sourcecode.c.objc; path = ChatiPhoneTask.m; sourceTree = "<group>"; };
		CD0BCF5E1FADE34100F9689A /* ChatiPhoneCallbackProtocol.h */ = {isa = PBXFileReference; fileEncoding = 4; lastKnownFileType = sourcecode.c.h; path = ChatiPhoneCallbackProtocol.h; sourceTree = "<group>"; };
		CD0BCF601FADF0A400F9689A /* CSUUIDUntil.h */ = {isa = PBXFileReference; fileEncoding = 4; lastKnownFileType = sourcecode.c.h; path = CSUUIDUntil.h; sourceTree = "<group>"; };
		CD0BCF611FADF0A400F9689A /* CSUUIDUntil.m */ = {isa = PBXFileReference; fileEncoding = 4; lastKnownFileType = sourcecode.c.objc; path = CSUUIDUntil.m; sourceTree = "<group>"; };
		CD0DE82B1FD2BDB000C90E51 /* ICON.bundle */ = {isa = PBXFileReference; lastKnownFileType = "wrapper.plug-in"; path = ICON.bundle; sourceTree = "<group>"; };
		CD0DE82D1FD2C07000C90E51 /* CSImageUntil.h */ = {isa = PBXFileReference; lastKnownFileType = sourcecode.c.h; path = CSImageUntil.h; sourceTree = "<group>"; };
		CD0DE82E1FD2C07000C90E51 /* CSImageUntil.m */ = {isa = PBXFileReference; lastKnownFileType = sourcecode.c.objc; path = CSImageUntil.m; sourceTree = "<group>"; };
		CD0DE8401FF62F6000C90E51 /* CSFileLogger.h */ = {isa = PBXFileReference; lastKnownFileType = sourcecode.c.h; path = CSFileLogger.h; sourceTree = "<group>"; };
		CD0DE8411FF62F6000C90E51 /* CSFileLogger.m */ = {isa = PBXFileReference; lastKnownFileType = sourcecode.c.objc; path = CSFileLogger.m; sourceTree = "<group>"; };
		CD0DE8431FF62FBB00C90E51 /* CSFileUntil.h */ = {isa = PBXFileReference; lastKnownFileType = sourcecode.c.h; path = CSFileUntil.h; sourceTree = "<group>"; };
		CD0DE8441FF62FBB00C90E51 /* CSFileUntil.m */ = {isa = PBXFileReference; lastKnownFileType = sourcecode.c.objc; path = CSFileUntil.m; sourceTree = "<group>"; };
		CD0DE8461FF63F2800C90E51 /* CSDateUntil.h */ = {isa = PBXFileReference; lastKnownFileType = sourcecode.c.h; path = CSDateUntil.h; sourceTree = "<group>"; };
		CD0DE8471FF63F2800C90E51 /* CSDateUntil.m */ = {isa = PBXFileReference; lastKnownFileType = sourcecode.c.objc; path = CSDateUntil.m; sourceTree = "<group>"; };
		CD0DE8621FF69EF100C90E51 /* CSSocket.m */ = {isa = PBXFileReference; fileEncoding = 4; lastKnownFileType = sourcecode.c.objc; path = CSSocket.m; sourceTree = "<group>"; };
		CD0DE8641FF69EF100C90E51 /* CSGCDSource.m */ = {isa = PBXFileReference; fileEncoding = 4; lastKnownFileType = sourcecode.c.objc; path = CSGCDSource.m; sourceTree = "<group>"; };
		CD0DE8651FF69EF100C90E51 /* CSGCDTimer.h */ = {isa = PBXFileReference; fileEncoding = 4; lastKnownFileType = sourcecode.c.h; path = CSGCDTimer.h; sourceTree = "<group>"; };
		CD0DE8661FF69EF100C90E51 /* CSGCDTimer.m */ = {isa = PBXFileReference; fileEncoding = 4; lastKnownFileType = sourcecode.c.objc; path = CSGCDTimer.m; sourceTree = "<group>"; };
		CD0DE8671FF69EF100C90E51 /* CSGCDSource.h */ = {isa = PBXFileReference; fileEncoding = 4; lastKnownFileType = sourcecode.c.h; path = CSGCDSource.h; sourceTree = "<group>"; };
		CD0DE8691FF69EF100C90E51 /* CSSocketAddress.h */ = {isa = PBXFileReference; fileEncoding = 4; lastKnownFileType = sourcecode.c.h; path = CSSocketAddress.h; sourceTree = "<group>"; };
		CD0DE86A1FF69EF100C90E51 /* CSSocketAddress.m */ = {isa = PBXFileReference; fileEncoding = 4; lastKnownFileType = sourcecode.c.objc; path = CSSocketAddress.m; sourceTree = "<group>"; };
		CD0DE86B1FF69EF100C90E51 /* CSSocket.h */ = {isa = PBXFileReference; fileEncoding = 4; lastKnownFileType = sourcecode.c.h; path = CSSocket.h; sourceTree = "<group>"; };
		CD0DE86D1FF69EF100C90E51 /* CSSocketError.m */ = {isa = PBXFileReference; fileEncoding = 4; lastKnownFileType = sourcecode.c.objc; path = CSSocketError.m; sourceTree = "<group>"; };
		CD0DE86E1FF69EF100C90E51 /* CSSocketError.h */ = {isa = PBXFileReference; fileEncoding = 4; lastKnownFileType = sourcecode.c.h; path = CSSocketError.h; sourceTree = "<group>"; };
		CD0DE8751FF69F8300C90E51 /* CSGCDAccept.h */ = {isa = PBXFileReference; lastKnownFileType = sourcecode.c.h; path = CSGCDAccept.h; sourceTree = "<group>"; };
		CD0DE8761FF69F8300C90E51 /* CSGCDAccept.m */ = {isa = PBXFileReference; lastKnownFileType = sourcecode.c.objc; path = CSGCDAccept.m; sourceTree = "<group>"; };
		CD0DE8781FF69F9500C90E51 /* CSGCDWrite.h */ = {isa = PBXFileReference; lastKnownFileType = sourcecode.c.h; path = CSGCDWrite.h; sourceTree = "<group>"; };
		CD0DE8791FF69F9500C90E51 /* CSGCDWrite.m */ = {isa = PBXFileReference; lastKnownFileType = sourcecode.c.objc; path = CSGCDWrite.m; sourceTree = "<group>"; };
		CD0DE87B1FF69F9D00C90E51 /* CSGCDRead.h */ = {isa = PBXFileReference; lastKnownFileType = sourcecode.c.h; path = CSGCDRead.h; sourceTree = "<group>"; };
		CD0DE87C1FF69F9D00C90E51 /* CSGCDRead.m */ = {isa = PBXFileReference; lastKnownFileType = sourcecode.c.objc; path = CSGCDRead.m; sourceTree = "<group>"; };
		CD0DE87E1FF6A46000C90E51 /* CSConnectSocket.h */ = {isa = PBXFileReference; lastKnownFileType = sourcecode.c.h; path = CSConnectSocket.h; sourceTree = "<group>"; };
		CD0DE87F1FF6A46000C90E51 /* CSConnectSocket.m */ = {isa = PBXFileReference; lastKnownFileType = sourcecode.c.objc; path = CSConnectSocket.m; sourceTree = "<group>"; };
		CD0DE8811FF6A4FB00C90E51 /* CSGCD.h */ = {isa = PBXFileReference; lastKnownFileType = sourcecode.c.h; path = CSGCD.h; sourceTree = "<group>"; };
		CD0DE8821FF90A1300C90E51 /* CSConnection.h */ = {isa = PBXFileReference; lastKnownFileType = sourcecode.c.h; path = CSConnection.h; sourceTree = "<group>"; };
		CD0DE8831FF90A1300C90E51 /* CSConnection.m */ = {isa = PBXFileReference; lastKnownFileType = sourcecode.c.objc; path = CSConnection.m; sourceTree = "<group>"; };
		CD0DE8851FFA1A3200C90E51 /* CSSocketPack.h */ = {isa = PBXFileReference; lastKnownFileType = sourcecode.c.h; path = CSSocketPack.h; sourceTree = "<group>"; };
		CD0DE8861FFA1A3200C90E51 /* CSSocketPack.m */ = {isa = PBXFileReference; lastKnownFileType = sourcecode.c.objc; path = CSSocketPack.m; sourceTree = "<group>"; };
		CD349D3F1F5ADFE3002E4987 /* ChatServer.app */ = {isa = PBXFileReference; explicitFileType = wrapper.application; includeInIndex = 0; path = ChatServer.app; sourceTree = BUILT_PRODUCTS_DIR; };
		CD349D431F5ADFE3002E4987 /* main.m */ = {isa = PBXFileReference; lastKnownFileType = sourcecode.c.objc; path = main.m; sourceTree = "<group>"; };
		CD349D451F5ADFE3002E4987 /* AppDelegate.h */ = {isa = PBXFileReference; lastKnownFileType = sourcecode.c.h; path = AppDelegate.h; sourceTree = "<group>"; };
		CD349D461F5ADFE3002E4987 /* AppDelegate.m */ = {isa = PBXFileReference; lastKnownFileType = sourcecode.c.objc; path = AppDelegate.m; sourceTree = "<group>"; };
		CD349D4E1F5ADFE3002E4987 /* Assets.xcassets */ = {isa = PBXFileReference; lastKnownFileType = folder.assetcatalog; path = Assets.xcassets; sourceTree = "<group>"; };
		CD349D511F5ADFE3002E4987 /* Base */ = {isa = PBXFileReference; lastKnownFileType = file.storyboard; name = Base; path = Base.lproj/LaunchScreen.storyboard; sourceTree = "<group>"; };
		CD349D531F5ADFE3002E4987 /* Info.plist */ = {isa = PBXFileReference; lastKnownFileType = text.plist.xml; path = Info.plist; sourceTree = "<group>"; };
		CD349D581F5ADFE3002E4987 /* ChatServerTests.xctest */ = {isa = PBXFileReference; explicitFileType = wrapper.cfbundle; includeInIndex = 0; path = ChatServerTests.xctest; sourceTree = BUILT_PRODUCTS_DIR; };
		CD349D5C1F5ADFE3002E4987 /* ChatServerTests.m */ = {isa = PBXFileReference; lastKnownFileType = sourcecode.c.objc; path = ChatServerTests.m; sourceTree = "<group>"; };
		CD349D5E1F5ADFE3002E4987 /* Info.plist */ = {isa = PBXFileReference; lastKnownFileType = text.plist.xml; path = Info.plist; sourceTree = "<group>"; };
		CD349D631F5ADFE3002E4987 /* ChatServerUITests.xctest */ = {isa = PBXFileReference; explicitFileType = wrapper.cfbundle; includeInIndex = 0; path = ChatServerUITests.xctest; sourceTree = BUILT_PRODUCTS_DIR; };
		CD349D671F5ADFE3002E4987 /* ChatServerUITests.m */ = {isa = PBXFileReference; lastKnownFileType = sourcecode.c.objc; path = ChatServerUITests.m; sourceTree = "<group>"; };
		CD349D691F5ADFE3002E4987 /* Info.plist */ = {isa = PBXFileReference; lastKnownFileType = text.plist.xml; path = Info.plist; sourceTree = "<group>"; };
		CDF88A341FD2959100CA662E /* CSTabBarController.h */ = {isa = PBXFileReference; lastKnownFileType = sourcecode.c.h; path = CSTabBarController.h; sourceTree = "<group>"; };
		CDF88A351FD2959100CA662E /* CSTabBarController.m */ = {isa = PBXFileReference; lastKnownFileType = sourcecode.c.objc; path = CSTabBarController.m; sourceTree = "<group>"; };
		CDF88A371FD295A500CA662E /* CSNavigationController.h */ = {isa = PBXFileReference; lastKnownFileType = sourcecode.c.h; path = CSNavigationController.h; sourceTree = "<group>"; };
		CDF88A381FD295A500CA662E /* CSNavigationController.m */ = {isa = PBXFileReference; lastKnownFileType = sourcecode.c.objc; path = CSNavigationController.m; sourceTree = "<group>"; };
		CDFFAC9D200CE7DE000E6016 /* CSGCDSocketSource.h */ = {isa = PBXFileReference; lastKnownFileType = sourcecode.c.h; path = CSGCDSocketSource.h; sourceTree = "<group>"; };
		CDFFAC9E200CE7DE000E6016 /* CSGCDSocketSource.m */ = {isa = PBXFileReference; lastKnownFileType = sourcecode.c.objc; path = CSGCDSocketSource.m; sourceTree = "<group>"; };
		CDFFACA1200E1F2E000E6016 /* CoreSocket.h */ = {isa = PBXFileReference; fileEncoding = 4; lastKnownFileType = sourcecode.c.h; path = CoreSocket.h; sourceTree = "<group>"; };
		CDFFACA2200E1F2E000E6016 /* CoreSocketPacket.h */ = {isa = PBXFileReference; fileEncoding = 4; lastKnownFileType = sourcecode.c.h; path = CoreSocketPacket.h; sourceTree = "<group>"; };
		CDFFACA3200E1F2E000E6016 /* CoreSocket.m */ = {isa = PBXFileReference; fileEncoding = 4; lastKnownFileType = sourcecode.c.objc; path = CoreSocket.m; sourceTree = "<group>"; };
		CDFFACA4200E1F2E000E6016 /* CoreSocketPacket.m */ = {isa = PBXFileReference; fileEncoding = 4; lastKnownFileType = sourcecode.c.objc; path = CoreSocketPacket.m; sourceTree = "<group>"; };
		CDFFACA8200E3449000E6016 /* CSTcpRequest.m */ = {isa = PBXFileReference; fileEncoding = 4; lastKnownFileType = sourcecode.c.objc; path = CSTcpRequest.m; sourceTree = "<group>"; };
		CDFFACA9200E3449000E6016 /* CSTcpRequest.h */ = {isa = PBXFileReference; fileEncoding = 4; lastKnownFileType = sourcecode.c.h; path = CSTcpRequest.h; sourceTree = "<group>"; };
		CDFFACAC200E34D7000E6016 /* RegisterSqliteHelper.m */ = {isa = PBXFileReference; fileEncoding = 4; lastKnownFileType = sourcecode.c.objc; path = RegisterSqliteHelper.m; sourceTree = "<group>"; };
		CDFFACAD200E34D7000E6016 /* LoginStateSqliteHelper.m */ = {isa = PBXFileReference; fileEncoding = 4; lastKnownFileType = sourcecode.c.objc; path = LoginStateSqliteHelper.m; sourceTree = "<group>"; };
		CDFFACAE200E34D7000E6016 /* SqliteHelper.h */ = {isa = PBXFileReference; fileEncoding = 4; lastKnownFileType = sourcecode.c.h; path = SqliteHelper.h; sourceTree = "<group>"; };
		CDFFACAF200E34D7000E6016 /* RegisterSqliteHelper.h */ = {isa = PBXFileReference; fileEncoding = 4; lastKnownFileType = sourcecode.c.h; path = RegisterSqliteHelper.h; sourceTree = "<group>"; };
		CDFFACB0200E34D7000E6016 /* LoginStateSqliteHelper.h */ = {isa = PBXFileReference; fileEncoding = 4; lastKnownFileType = sourcecode.c.h; path = LoginStateSqliteHelper.h; sourceTree = "<group>"; };
		CDFFACB1200E34D7000E6016 /* SqliteHelper.m */ = {isa = PBXFileReference; fileEncoding = 4; lastKnownFileType = sourcecode.c.objc; path = SqliteHelper.m; sourceTree = "<group>"; };
		CDFFACB6200E34E4000E6016 /* CSTcpRequestOperation.h */ = {isa = PBXFileReference; fileEncoding = 4; lastKnownFileType = sourcecode.c.h; path = CSTcpRequestOperation.h; sourceTree = "<group>"; };
		CDFFACB7200E34E4000E6016 /* CSBaseOperation.h */ = {isa = PBXFileReference; fileEncoding = 4; lastKnownFileType = sourcecode.c.h; path = CSBaseOperation.h; sourceTree = "<group>"; };
		CDFFACB8200E34E4000E6016 /* CSTcpRequestOperation.m */ = {isa = PBXFileReference; fileEncoding = 4; lastKnownFileType = sourcecode.c.objc; path = CSTcpRequestOperation.m; sourceTree = "<group>"; };
		CDFFACB9200E34E4000E6016 /* CSBaseOperation.m */ = {isa = PBXFileReference; fileEncoding = 4; lastKnownFileType = sourcecode.c.objc; path = CSBaseOperation.m; sourceTree = "<group>"; };
		CDFFACBD200E350B000E6016 /* ChatClient.h */ = {isa = PBXFileReference; fileEncoding = 4; lastKnownFileType = sourcecode.c.h; path = ChatClient.h; sourceTree = "<group>"; };
		CDFFACBE200E350B000E6016 /* ChatClient.m */ = {isa = PBXFileReference; fileEncoding = 4; lastKnownFileType = sourcecode.c.objc; path = ChatClient.m; sourceTree = "<group>"; };
		CDFFACC0200E384F000E6016 /* ChatConnection.h */ = {isa = PBXFileReference; lastKnownFileType = sourcecode.c.h; path = ChatConnection.h; sourceTree = "<group>"; };
		CDFFACC1200E384F000E6016 /* ChatConnection.m */ = {isa = PBXFileReference; lastKnownFileType = sourcecode.c.objc; path = ChatConnection.m; sourceTree = "<group>"; };
		CDFFACC320136133000E6016 /* CSServerConnectedCell.h */ = {isa = PBXFileReference; lastKnownFileType = sourcecode.c.h; path = CSServerConnectedCell.h; sourceTree = "<group>"; };
		CDFFACC420136133000E6016 /* CSServerConnectedCell.m */ = {isa = PBXFileReference; lastKnownFileType = sourcecode.c.objc; path = CSServerConnectedCell.m; sourceTree = "<group>"; };
		CDFFACC520136133000E6016 /* CSServerConnectedCell.xib */ = {isa = PBXFileReference; lastKnownFileType = file.xib; path = CSServerConnectedCell.xib; sourceTree = "<group>"; };
		CDFFACC820146EF0000E6016 /* CSRegistAccountViewController.h */ = {isa = PBXFileReference; lastKnownFileType = sourcecode.c.h; path = CSRegistAccountViewController.h; sourceTree = "<group>"; };
		CDFFACC920146EF0000E6016 /* CSRegistAccountViewController.m */ = {isa = PBXFileReference; lastKnownFileType = sourcecode.c.objc; path = CSRegistAccountViewController.m; sourceTree = "<group>"; };
		CDFFACCA20146EF0000E6016 /* CSRegistAccountViewController.xib */ = {isa = PBXFileReference; lastKnownFileType = file.xib; path = CSRegistAccountViewController.xib; sourceTree = "<group>"; };
/* End PBXFileReference section */

/* Begin PBXFrameworksBuildPhase section */
		CD349D3C1F5ADFE3002E4987 /* Frameworks */ = {
			isa = PBXFrameworksBuildPhase;
			buildActionMask = 2147483647;
			files = (
				83D5EE4B4203DE9C324A325E /* libPods-ChatServer.a in Frameworks */,
			);
			runOnlyForDeploymentPostprocessing = 0;
		};
		CD349D551F5ADFE3002E4987 /* Frameworks */ = {
			isa = PBXFrameworksBuildPhase;
			buildActionMask = 2147483647;
			files = (
			);
			runOnlyForDeploymentPostprocessing = 0;
		};
		CD349D601F5ADFE3002E4987 /* Frameworks */ = {
			isa = PBXFrameworksBuildPhase;
			buildActionMask = 2147483647;
			files = (
			);
			runOnlyForDeploymentPostprocessing = 0;
		};
/* End PBXFrameworksBuildPhase section */

/* Begin PBXGroup section */
		CD0324B61FA767B400878118 /* Connect */ = {
			isa = PBXGroup;
			children = (
				CD0324D61FAA147100878118 /* ChatConnectionReachable.h */,
				CD0324D71FAA147100878118 /* ChatConnectionReachable.m */,
				CDFFACC0200E384F000E6016 /* ChatConnection.h */,
				CDFFACC1200E384F000E6016 /* ChatConnection.m */,
			);
			path = Connect;
			sourceTree = "<group>";
		};
		CD0324B91FA767B400878118 /* Msg */ = {
			isa = PBXGroup;
			children = (
				CD0324BA1FA767B400878118 /* ChatMessage.h */,
				CD0324BB1FA767B400878118 /* ChatMessage.m */,
				CD0324BC1FA767B400878118 /* ChatMessageProtocol.h */,
			);
			path = Msg;
			sourceTree = "<group>";
		};
		CD0324C61FA7681900878118 /* UIClass */ = {
			isa = PBXGroup;
			children = (
				CD0324CF1FA7686D00878118 /* Main */,
				CD0324D01FA7686D00878118 /* Register */,
				CD0324CA1FA7684C00878118 /* Base */,
			);
			path = UIClass;
			sourceTree = "<group>";
		};
		CD0324CA1FA7684C00878118 /* Base */ = {
			isa = PBXGroup;
			children = (
				CD0324CB1FA7684C00878118 /* CSBaseViewController.h */,
				CD0324CC1FA7684C00878118 /* CSBaseViewController.m */,
				CD0325011FAD9E1600878118 /* CSAlertView.h */,
				CD0325021FAD9E1600878118 /* CSAlertView.m */,
			);
			path = Base;
			sourceTree = "<group>";
		};
		CD0324CF1FA7686D00878118 /* Main */ = {
			isa = PBXGroup;
			children = (
				CDF88A331FD2955400CA662E /* Tabbar */,
				CDF88A321FD2954E00CA662E /* Nav */,
				CD0DE82B1FD2BDB000C90E51 /* ICON.bundle */,
			);
			path = Main;
			sourceTree = "<group>";
		};
		CD0324D01FA7686D00878118 /* Register */ = {
			isa = PBXGroup;
			children = (
				CD0324D11FA7688D00878118 /* CSReisgterViewController.h */,
				CD0324D21FA7688D00878118 /* CSReisgterViewController.m */,
				CD0324D31FA7688D00878118 /* CSReisgterViewController.xib */,
				CDFFACC820146EF0000E6016 /* CSRegistAccountViewController.h */,
				CDFFACC920146EF0000E6016 /* CSRegistAccountViewController.m */,
				CDFFACCA20146EF0000E6016 /* CSRegistAccountViewController.xib */,
			);
			path = Register;
			sourceTree = "<group>";
		};
		CD0324E61FAC694500878118 /* ServerUI */ = {
			isa = PBXGroup;
			children = (
				CD0324E71FAC695C00878118 /* CSServerViewController.h */,
				CD0324E81FAC695C00878118 /* CSServerViewController.m */,
				CD0324E91FAC695C00878118 /* CSServerViewController.xib */,
				CDFFACC320136133000E6016 /* CSServerConnectedCell.h */,
				CDFFACC420136133000E6016 /* CSServerConnectedCell.m */,
				CDFFACC520136133000E6016 /* CSServerConnectedCell.xib */,
			);
			path = ServerUI;
			sourceTree = "<group>";
		};
		CD0324F61FAC9E5D00878118 /* Store */ = {
			isa = PBXGroup;
			children = (
				CD0324F71FAC9E7800878118 /* CSUserDefaultStore.h */,
				CD0324F81FAC9E7800878118 /* CSUserDefaultStore.m */,
			);
			path = Store;
			sourceTree = "<group>";
		};
		CD0BCF531FADE10600F9689A /* iPhone */ = {
			isa = PBXGroup;
			children = (
				CDFFACB5200E34E4000E6016 /* ReqeustOperation */,
				CDFFACA7200E3449000E6016 /* TcpRequest */,
				CD0BCF541FADE10600F9689A /* ChatiPhoneClient.h */,
				CD0BCF551FADE10600F9689A /* ChatiPhoneClient.m */,
				CD0BCF5B1FADE11800F9689A /* ChatiPhoneTask.h */,
				CD0BCF5C1FADE11800F9689A /* ChatiPhoneTask.m */,
				CD0BCF5E1FADE34100F9689A /* ChatiPhoneCallbackProtocol.h */,
			);
			path = iPhone;
			sourceTree = "<group>";
		};
		CD0BCF561FADE10600F9689A /* Server */ = {
			isa = PBXGroup;
			children = (
				CDFFACAB200E34D7000E6016 /* ServerTable */,
				CD0BCF571FADE10600F9689A /* ChatServerClient.h */,
				CD0BCF581FADE10600F9689A /* ChatServerClient.m */,
			);
			path = Server;
			sourceTree = "<group>";
		};
		CD0BCF5F1FADF09300F9689A /* Until */ = {
			isa = PBXGroup;
			children = (
				CD0BCF601FADF0A400F9689A /* CSUUIDUntil.h */,
				CD0BCF611FADF0A400F9689A /* CSUUIDUntil.m */,
				CD0DE82D1FD2C07000C90E51 /* CSImageUntil.h */,
				CD0DE82E1FD2C07000C90E51 /* CSImageUntil.m */,
				CD0DE8431FF62FBB00C90E51 /* CSFileUntil.h */,
				CD0DE8441FF62FBB00C90E51 /* CSFileUntil.m */,
				CD0DE8461FF63F2800C90E51 /* CSDateUntil.h */,
				CD0DE8471FF63F2800C90E51 /* CSDateUntil.m */,
			);
			path = Until;
			sourceTree = "<group>";
		};
		CD0DE83F1FF62F5500C90E51 /* FileLogger */ = {
			isa = PBXGroup;
			children = (
				CD0DE8401FF62F6000C90E51 /* CSFileLogger.h */,
				CD0DE8411FF62F6000C90E51 /* CSFileLogger.m */,
			);
			path = FileLogger;
			sourceTree = "<group>";
		};
		CD0DE8611FF69EF100C90E51 /* CSCocket */ = {
			isa = PBXGroup;
			children = (
				CD0DE86B1FF69EF100C90E51 /* CSSocket.h */,
				CD0DE8621FF69EF100C90E51 /* CSSocket.m */,
				CD0DE87E1FF6A46000C90E51 /* CSConnectSocket.h */,
				CD0DE87F1FF6A46000C90E51 /* CSConnectSocket.m */,
				CD0DE8821FF90A1300C90E51 /* CSConnection.h */,
				CD0DE8831FF90A1300C90E51 /* CSConnection.m */,
				CD0DE8631FF69EF100C90E51 /* GCD */,
				CD0DE8681FF69EF100C90E51 /* Address */,
				CD0DE86C1FF69EF100C90E51 /* Error */,
				CD0DE86F1FF69EF100C90E51 /* Packet */,
			);
			path = CSCocket;
			sourceTree = "<group>";
		};
		CD0DE8631FF69EF100C90E51 /* GCD */ = {
			isa = PBXGroup;
			children = (
				CD0DE8671FF69EF100C90E51 /* CSGCDSource.h */,
				CD0DE8641FF69EF100C90E51 /* CSGCDSource.m */,
				CDFFAC9D200CE7DE000E6016 /* CSGCDSocketSource.h */,
				CDFFAC9E200CE7DE000E6016 /* CSGCDSocketSource.m */,
				CD0DE8651FF69EF100C90E51 /* CSGCDTimer.h */,
				CD0DE8661FF69EF100C90E51 /* CSGCDTimer.m */,
				CD0DE8751FF69F8300C90E51 /* CSGCDAccept.h */,
				CD0DE8761FF69F8300C90E51 /* CSGCDAccept.m */,
				CD0DE8781FF69F9500C90E51 /* CSGCDWrite.h */,
				CD0DE8791FF69F9500C90E51 /* CSGCDWrite.m */,
				CD0DE87B1FF69F9D00C90E51 /* CSGCDRead.h */,
				CD0DE87C1FF69F9D00C90E51 /* CSGCDRead.m */,
				CD0DE8811FF6A4FB00C90E51 /* CSGCD.h */,
			);
			path = GCD;
			sourceTree = "<group>";
		};
		CD0DE8681FF69EF100C90E51 /* Address */ = {
			isa = PBXGroup;
			children = (
				CD0DE8691FF69EF100C90E51 /* CSSocketAddress.h */,
				CD0DE86A1FF69EF100C90E51 /* CSSocketAddress.m */,
			);
			path = Address;
			sourceTree = "<group>";
		};
		CD0DE86C1FF69EF100C90E51 /* Error */ = {
			isa = PBXGroup;
			children = (
				CD0DE86E1FF69EF100C90E51 /* CSSocketError.h */,
				CD0DE86D1FF69EF100C90E51 /* CSSocketError.m */,
			);
			path = Error;
			sourceTree = "<group>";
		};
		CD0DE86F1FF69EF100C90E51 /* Packet */ = {
			isa = PBXGroup;
			children = (
				CD0DE8851FFA1A3200C90E51 /* CSSocketPack.h */,
				CD0DE8861FFA1A3200C90E51 /* CSSocketPack.m */,
			);
			path = Packet;
			sourceTree = "<group>";
		};
		CD135ED51F934F8700BEFAFC /* Connectioin */ = {
			isa = PBXGroup;
			children = (
				CDFFACA0200E1F2E000E6016 /* CoreSocket */,
				CD0DE8611FF69EF100C90E51 /* CSCocket */,
			);
			path = Connectioin;
			sourceTree = "<group>";
		};
		CD349D361F5ADFE3002E4987 = {
			isa = PBXGroup;
			children = (
				CD349D411F5ADFE3002E4987 /* ChatServer */,
				CD349D5B1F5ADFE3002E4987 /* ChatServerTests */,
				CD349D661F5ADFE3002E4987 /* ChatServerUITests */,
				CD349D401F5ADFE3002E4987 /* Products */,
				FD5527AD4EF43FFBD82CC5CB /* Pods */,
				D1BD8810D5086EFC100136FF /* Frameworks */,
			);
			sourceTree = "<group>";
		};
		CD349D401F5ADFE3002E4987 /* Products */ = {
			isa = PBXGroup;
			children = (
				CD349D3F1F5ADFE3002E4987 /* ChatServer.app */,
				CD349D581F5ADFE3002E4987 /* ChatServerTests.xctest */,
				CD349D631F5ADFE3002E4987 /* ChatServerUITests.xctest */,
			);
			name = Products;
			sourceTree = "<group>";
		};
		CD349D411F5ADFE3002E4987 /* ChatServer */ = {
			isa = PBXGroup;
			children = (
				CD0324F61FAC9E5D00878118 /* Store */,
				CD0324E61FAC694500878118 /* ServerUI */,
				CD0324C61FA7681900878118 /* UIClass */,
				CD135ED51F934F8700BEFAFC /* Connectioin */,
				CD349D751F5AE013002E4987 /* Message */,
				CD349D451F5ADFE3002E4987 /* AppDelegate.h */,
				CD349D461F5ADFE3002E4987 /* AppDelegate.m */,
				CD349D4E1F5ADFE3002E4987 /* Assets.xcassets */,
				CD349D501F5ADFE3002E4987 /* LaunchScreen.storyboard */,
				CD349D531F5ADFE3002E4987 /* Info.plist */,
				CD349D421F5ADFE3002E4987 /* Supporting Files */,
				CD0325041FADA6CB00878118 /* ServerString.strings */,
				CD0325061FADA6D800878118 /* iPhoneString.strings */,
			);
			path = ChatServer;
			sourceTree = "<group>";
		};
		CD349D421F5ADFE3002E4987 /* Supporting Files */ = {
			isa = PBXGroup;
			children = (
				CD349D431F5ADFE3002E4987 /* main.m */,
			);
			name = "Supporting Files";
			sourceTree = "<group>";
		};
		CD349D5B1F5ADFE3002E4987 /* ChatServerTests */ = {
			isa = PBXGroup;
			children = (
				CD349D5C1F5ADFE3002E4987 /* ChatServerTests.m */,
				CD349D5E1F5ADFE3002E4987 /* Info.plist */,
			);
			path = ChatServerTests;
			sourceTree = "<group>";
		};
		CD349D661F5ADFE3002E4987 /* ChatServerUITests */ = {
			isa = PBXGroup;
			children = (
				CD349D671F5ADFE3002E4987 /* ChatServerUITests.m */,
				CD349D691F5ADFE3002E4987 /* Info.plist */,
			);
			path = ChatServerUITests;
			sourceTree = "<group>";
		};
		CD349D751F5AE013002E4987 /* Message */ = {
			isa = PBXGroup;
			children = (
				CD0DE83F1FF62F5500C90E51 /* FileLogger */,
				CD0BCF5F1FADF09300F9689A /* Until */,
				CDFFACBC200E350B000E6016 /* Client */,
				CD0BCF531FADE10600F9689A /* iPhone */,
				CD0BCF561FADE10600F9689A /* Server */,
				CD0324B61FA767B400878118 /* Connect */,
				CD0324B91FA767B400878118 /* Msg */,
			);
			path = Message;
			sourceTree = "<group>";
		};
		CDF88A321FD2954E00CA662E /* Nav */ = {
			isa = PBXGroup;
			children = (
				CDF88A371FD295A500CA662E /* CSNavigationController.h */,
				CDF88A381FD295A500CA662E /* CSNavigationController.m */,
			);
			path = Nav;
			sourceTree = "<group>";
		};
		CDF88A331FD2955400CA662E /* Tabbar */ = {
			isa = PBXGroup;
			children = (
				CDF88A341FD2959100CA662E /* CSTabBarController.h */,
				CDF88A351FD2959100CA662E /* CSTabBarController.m */,
			);
			path = Tabbar;
			sourceTree = "<group>";
		};
		CDFFACA0200E1F2E000E6016 /* CoreSocket */ = {
			isa = PBXGroup;
			children = (
				CDFFACA1200E1F2E000E6016 /* CoreSocket.h */,
				CDFFACA3200E1F2E000E6016 /* CoreSocket.m */,
				CDFFACA2200E1F2E000E6016 /* CoreSocketPacket.h */,
				CDFFACA4200E1F2E000E6016 /* CoreSocketPacket.m */,
			);
			path = CoreSocket;
			sourceTree = "<group>";
		};
		CDFFACA7200E3449000E6016 /* TcpRequest */ = {
			isa = PBXGroup;
			children = (
				CDFFACA8200E3449000E6016 /* CSTcpRequest.m */,
				CDFFACA9200E3449000E6016 /* CSTcpRequest.h */,
			);
			path = TcpRequest;
			sourceTree = "<group>";
		};
		CDFFACAB200E34D7000E6016 /* ServerTable */ = {
			isa = PBXGroup;
			children = (
				CDFFACAF200E34D7000E6016 /* RegisterSqliteHelper.h */,
				CDFFACAC200E34D7000E6016 /* RegisterSqliteHelper.m */,
				CDFFACAD200E34D7000E6016 /* LoginStateSqliteHelper.m */,
				CDFFACB0200E34D7000E6016 /* LoginStateSqliteHelper.h */,
				CDFFACAE200E34D7000E6016 /* SqliteHelper.h */,
				CDFFACB1200E34D7000E6016 /* SqliteHelper.m */,
			);
			path = ServerTable;
			sourceTree = "<group>";
		};
		CDFFACB5200E34E4000E6016 /* ReqeustOperation */ = {
			isa = PBXGroup;
			children = (
				CDFFACB6200E34E4000E6016 /* CSTcpRequestOperation.h */,
				CDFFACB8200E34E4000E6016 /* CSTcpRequestOperation.m */,
				CDFFACB7200E34E4000E6016 /* CSBaseOperation.h */,
				CDFFACB9200E34E4000E6016 /* CSBaseOperation.m */,
			);
			path = ReqeustOperation;
			sourceTree = "<group>";
		};
		CDFFACBC200E350B000E6016 /* Client */ = {
			isa = PBXGroup;
			children = (
				CDFFACBD200E350B000E6016 /* ChatClient.h */,
				CDFFACBE200E350B000E6016 /* ChatClient.m */,
			);
			path = Client;
			sourceTree = "<group>";
		};
		D1BD8810D5086EFC100136FF /* Frameworks */ = {
			isa = PBXGroup;
			children = (
				A539C35BC329CA4657978A93 /* libPods-ChatServer.a */,
			);
			name = Frameworks;
			sourceTree = "<group>";
		};
		FD5527AD4EF43FFBD82CC5CB /* Pods */ = {
			isa = PBXGroup;
			children = (
				18EE29D7DF4D1615B0D0518B /* Pods-ChatServer.debug.xcconfig */,
				6A2A0526F1FC015A48BF7EF7 /* Pods-ChatServer.release.xcconfig */,
			);
			name = Pods;
			sourceTree = "<group>";
		};
/* End PBXGroup section */

/* Begin PBXNativeTarget section */
		CD349D3E1F5ADFE3002E4987 /* ChatServer */ = {
			isa = PBXNativeTarget;
			buildConfigurationList = CD349D6C1F5ADFE3002E4987 /* Build configuration list for PBXNativeTarget "ChatServer" */;
			buildPhases = (
				35799146458C16B6C45E4D46 /* Check Pods Manifest.lock */,
				CD349D3B1F5ADFE3002E4987 /* Sources */,
				CD349D3C1F5ADFE3002E4987 /* Frameworks */,
				CD349D3D1F5ADFE3002E4987 /* Resources */,
				454B7986A195D425A5426A44 /* Embed Pods Frameworks */,
				4B57CA080F189A8EB9896AB0 /* Copy Pods Resources */,
			);
			buildRules = (
			);
			dependencies = (
			);
			name = ChatServer;
			productName = ChatServer;
			productReference = CD349D3F1F5ADFE3002E4987 /* ChatServer.app */;
			productType = "com.apple.product-type.application";
		};
		CD349D571F5ADFE3002E4987 /* ChatServerTests */ = {
			isa = PBXNativeTarget;
			buildConfigurationList = CD349D6F1F5ADFE3002E4987 /* Build configuration list for PBXNativeTarget "ChatServerTests" */;
			buildPhases = (
				CD349D541F5ADFE3002E4987 /* Sources */,
				CD349D551F5ADFE3002E4987 /* Frameworks */,
				CD349D561F5ADFE3002E4987 /* Resources */,
			);
			buildRules = (
			);
			dependencies = (
				CD349D5A1F5ADFE3002E4987 /* PBXTargetDependency */,
			);
			name = ChatServerTests;
			productName = ChatServerTests;
			productReference = CD349D581F5ADFE3002E4987 /* ChatServerTests.xctest */;
			productType = "com.apple.product-type.bundle.unit-test";
		};
		CD349D621F5ADFE3002E4987 /* ChatServerUITests */ = {
			isa = PBXNativeTarget;
			buildConfigurationList = CD349D721F5ADFE3002E4987 /* Build configuration list for PBXNativeTarget "ChatServerUITests" */;
			buildPhases = (
				CD349D5F1F5ADFE3002E4987 /* Sources */,
				CD349D601F5ADFE3002E4987 /* Frameworks */,
				CD349D611F5ADFE3002E4987 /* Resources */,
			);
			buildRules = (
			);
			dependencies = (
				CD349D651F5ADFE3002E4987 /* PBXTargetDependency */,
			);
			name = ChatServerUITests;
			productName = ChatServerUITests;
			productReference = CD349D631F5ADFE3002E4987 /* ChatServerUITests.xctest */;
			productType = "com.apple.product-type.bundle.ui-testing";
		};
/* End PBXNativeTarget section */

/* Begin PBXProject section */
		CD349D371F5ADFE3002E4987 /* Project object */ = {
			isa = PBXProject;
			attributes = {
				LastUpgradeCheck = 0830;
				ORGANIZATIONNAME = Married;
				TargetAttributes = {
					CD349D3E1F5ADFE3002E4987 = {
						CreatedOnToolsVersion = 8.3;
						DevelopmentTeam = 4ENJEYX49Q;
						ProvisioningStyle = Automatic;
					};
					CD349D571F5ADFE3002E4987 = {
						CreatedOnToolsVersion = 8.3;
						ProvisioningStyle = Automatic;
						TestTargetID = CD349D3E1F5ADFE3002E4987;
					};
					CD349D621F5ADFE3002E4987 = {
						CreatedOnToolsVersion = 8.3;
						ProvisioningStyle = Automatic;
						TestTargetID = CD349D3E1F5ADFE3002E4987;
					};
				};
			};
			buildConfigurationList = CD349D3A1F5ADFE3002E4987 /* Build configuration list for PBXProject "ChatServer" */;
			compatibilityVersion = "Xcode 3.2";
			developmentRegion = English;
			hasScannedForEncodings = 0;
			knownRegions = (
				en,
				Base,
			);
			mainGroup = CD349D361F5ADFE3002E4987;
			productRefGroup = CD349D401F5ADFE3002E4987 /* Products */;
			projectDirPath = "";
			projectRoot = "";
			targets = (
				CD349D3E1F5ADFE3002E4987 /* ChatServer */,
				CD349D571F5ADFE3002E4987 /* ChatServerTests */,
				CD349D621F5ADFE3002E4987 /* ChatServerUITests */,
			);
		};
/* End PBXProject section */

/* Begin PBXResourcesBuildPhase section */
		CD349D3D1F5ADFE3002E4987 /* Resources */ = {
			isa = PBXResourcesBuildPhase;
			buildActionMask = 2147483647;
			files = (
				CD0325071FADA6D800878118 /* iPhoneString.strings in Resources */,
				CD349D521F5ADFE3002E4987 /* LaunchScreen.storyboard in Resources */,
				CDFFACC720136133000E6016 /* CSServerConnectedCell.xib in Resources */,
				CD0325051FADA6CB00878118 /* ServerString.strings in Resources */,
				CD0DE82C1FD2BDB000C90E51 /* ICON.bundle in Resources */,
				CD349D4F1F5ADFE3002E4987 /* Assets.xcassets in Resources */,
				CD0324D51FA7688D00878118 /* CSReisgterViewController.xib in Resources */,
				CDFFACCC20146EF0000E6016 /* CSRegistAccountViewController.xib in Resources */,
				CD0324EB1FAC695C00878118 /* CSServerViewController.xib in Resources */,
			);
			runOnlyForDeploymentPostprocessing = 0;
		};
		CD349D561F5ADFE3002E4987 /* Resources */ = {
			isa = PBXResourcesBuildPhase;
			buildActionMask = 2147483647;
			files = (
			);
			runOnlyForDeploymentPostprocessing = 0;
		};
		CD349D611F5ADFE3002E4987 /* Resources */ = {
			isa = PBXResourcesBuildPhase;
			buildActionMask = 2147483647;
			files = (
			);
			runOnlyForDeploymentPostprocessing = 0;
		};
/* End PBXResourcesBuildPhase section */

/* Begin PBXShellScriptBuildPhase section */
		35799146458C16B6C45E4D46 /* Check Pods Manifest.lock */ = {
			isa = PBXShellScriptBuildPhase;
			buildActionMask = 2147483647;
			files = (
			);
			inputPaths = (
			);
			name = "Check Pods Manifest.lock";
			outputPaths = (
			);
			runOnlyForDeploymentPostprocessing = 0;
			shellPath = /bin/sh;
			shellScript = "diff \"${PODS_ROOT}/../Podfile.lock\" \"${PODS_ROOT}/Manifest.lock\" > /dev/null\nif [[ $? != 0 ]] ; then\n    cat << EOM\nerror: The sandbox is not in sync with the Podfile.lock. Run 'pod install' or update your CocoaPods installation.\nEOM\n    exit 1\nfi\n";
			showEnvVarsInLog = 0;
		};
		454B7986A195D425A5426A44 /* Embed Pods Frameworks */ = {
			isa = PBXShellScriptBuildPhase;
			buildActionMask = 2147483647;
			files = (
			);
			inputPaths = (
			);
			name = "Embed Pods Frameworks";
			outputPaths = (
			);
			runOnlyForDeploymentPostprocessing = 0;
			shellPath = /bin/sh;
			shellScript = "\"${SRCROOT}/Pods/Target Support Files/Pods-ChatServer/Pods-ChatServer-frameworks.sh\"\n";
			showEnvVarsInLog = 0;
		};
		4B57CA080F189A8EB9896AB0 /* Copy Pods Resources */ = {
			isa = PBXShellScriptBuildPhase;
			buildActionMask = 2147483647;
			files = (
			);
			inputPaths = (
			);
			name = "Copy Pods Resources";
			outputPaths = (
			);
			runOnlyForDeploymentPostprocessing = 0;
			shellPath = /bin/sh;
			shellScript = "\"${SRCROOT}/Pods/Target Support Files/Pods-ChatServer/Pods-ChatServer-resources.sh\"\n";
			showEnvVarsInLog = 0;
		};
/* End PBXShellScriptBuildPhase section */

/* Begin PBXSourcesBuildPhase section */
		CD349D3B1F5ADFE3002E4987 /* Sources */ = {
			isa = PBXSourcesBuildPhase;
			buildActionMask = 2147483647;
			files = (
				CDFFACA5200E1F2E000E6016 /* CoreSocket.m in Sources */,
				CDFFACC2200E384F000E6016 /* ChatConnection.m in Sources */,
				CDFFACCB20146EF0000E6016 /* CSRegistAccountViewController.m in Sources */,
				CD0325031FAD9E1600878118 /* CSAlertView.m in Sources */,
				CD0DE8771FF69F8300C90E51 /* CSGCDAccept.m in Sources */,
				CD0324CD1FA7684C00878118 /* CSBaseViewController.m in Sources */,
				CD0324D81FAA147100878118 /* ChatConnectionReachable.m in Sources */,
				CD0324F91FAC9E7800878118 /* CSUserDefaultStore.m in Sources */,
				CD0BCF591FADE10600F9689A /* ChatiPhoneClient.m in Sources */,
				CDFFAC9F200CE7DE000E6016 /* CSGCDSocketSource.m in Sources */,
				CD0DE8701FF69EF200C90E51 /* CSSocket.m in Sources */,
				CDF88A361FD2959100CA662E /* CSTabBarController.m in Sources */,
				CD0DE8721FF69EF200C90E51 /* CSGCDTimer.m in Sources */,
				CDFFACA6200E1F2E000E6016 /* CoreSocketPacket.m in Sources */,
				CDFFACB4200E34D7000E6016 /* SqliteHelper.m in Sources */,
				CD0BCF621FADF0A400F9689A /* CSUUIDUntil.m in Sources */,
				CD0DE8871FFA1A3200C90E51 /* CSSocketPack.m in Sources */,
				CD0DE8421FF62F6000C90E51 /* CSFileLogger.m in Sources */,
				CD0DE8731FF69EF200C90E51 /* CSSocketAddress.m in Sources */,
				CD0DE8451FF62FBB00C90E51 /* CSFileUntil.m in Sources */,
				CDF88A391FD295A500CA662E /* CSNavigationController.m in Sources */,
				CDFFACC620136133000E6016 /* CSServerConnectedCell.m in Sources */,
				CD0DE8801FF6A46000C90E51 /* CSConnectSocket.m in Sources */,
				CD349D471F5ADFE3002E4987 /* AppDelegate.m in Sources */,
				CDFFACBB200E34E4000E6016 /* CSBaseOperation.m in Sources */,
				CD0DE8841FF90A1300C90E51 /* CSConnection.m in Sources */,
				CD0DE8741FF69EF200C90E51 /* CSSocketError.m in Sources */,
				CD0324EA1FAC695C00878118 /* CSServerViewController.m in Sources */,
				CD0324C31FA767B400878118 /* ChatMessage.m in Sources */,
				CD349D441F5ADFE3002E4987 /* main.m in Sources */,
				CD0DE87A1FF69F9500C90E51 /* CSGCDWrite.m in Sources */,
				CDFFACB2200E34D7000E6016 /* RegisterSqliteHelper.m in Sources */,
				CDFFACB3200E34D7000E6016 /* LoginStateSqliteHelper.m in Sources */,
				CDFFACBF200E350B000E6016 /* ChatClient.m in Sources */,
				CD0DE82F1FD2C07000C90E51 /* CSImageUntil.m in Sources */,
				CDFFACBA200E34E4000E6016 /* CSTcpRequestOperation.m in Sources */,
				CD0DE8481FF63F2800C90E51 /* CSDateUntil.m in Sources */,
				CD0BCF5D1FADE11800F9689A /* ChatiPhoneTask.m in Sources */,
				CD0BCF5A1FADE10600F9689A /* ChatServerClient.m in Sources */,
				CD0324D41FA7688D00878118 /* CSReisgterViewController.m in Sources */,
				CD0DE87D1FF69F9D00C90E51 /* CSGCDRead.m in Sources */,
				CD0DE8711FF69EF200C90E51 /* CSGCDSource.m in Sources */,
				CDFFACAA200E3449000E6016 /* CSTcpRequest.m in Sources */,
			);
			runOnlyForDeploymentPostprocessing = 0;
		};
		CD349D541F5ADFE3002E4987 /* Sources */ = {
			isa = PBXSourcesBuildPhase;
			buildActionMask = 2147483647;
			files = (
				CD349D5D1F5ADFE3002E4987 /* ChatServerTests.m in Sources */,
			);
			runOnlyForDeploymentPostprocessing = 0;
		};
		CD349D5F1F5ADFE3002E4987 /* Sources */ = {
			isa = PBXSourcesBuildPhase;
			buildActionMask = 2147483647;
			files = (
				CD349D681F5ADFE3002E4987 /* ChatServerUITests.m in Sources */,
			);
			runOnlyForDeploymentPostprocessing = 0;
		};
/* End PBXSourcesBuildPhase section */

/* Begin PBXTargetDependency section */
		CD349D5A1F5ADFE3002E4987 /* PBXTargetDependency */ = {
			isa = PBXTargetDependency;
			target = CD349D3E1F5ADFE3002E4987 /* ChatServer */;
			targetProxy = CD349D591F5ADFE3002E4987 /* PBXContainerItemProxy */;
		};
		CD349D651F5ADFE3002E4987 /* PBXTargetDependency */ = {
			isa = PBXTargetDependency;
			target = CD349D3E1F5ADFE3002E4987 /* ChatServer */;
			targetProxy = CD349D641F5ADFE3002E4987 /* PBXContainerItemProxy */;
		};
/* End PBXTargetDependency section */

/* Begin PBXVariantGroup section */
		CD349D501F5ADFE3002E4987 /* LaunchScreen.storyboard */ = {
			isa = PBXVariantGroup;
			children = (
				CD349D511F5ADFE3002E4987 /* Base */,
			);
			name = LaunchScreen.storyboard;
			sourceTree = "<group>";
		};
/* End PBXVariantGroup section */

/* Begin XCBuildConfiguration section */
		CD349D6A1F5ADFE3002E4987 /* Debug */ = {
			isa = XCBuildConfiguration;
			buildSettings = {
				ALWAYS_SEARCH_USER_PATHS = NO;
				CLANG_ANALYZER_NONNULL = YES;
				CLANG_ANALYZER_NUMBER_OBJECT_CONVERSION = YES_AGGRESSIVE;
				CLANG_CXX_LANGUAGE_STANDARD = "gnu++0x";
				CLANG_CXX_LIBRARY = "libc++";
				CLANG_ENABLE_MODULES = YES;
				CLANG_ENABLE_OBJC_ARC = YES;
				CLANG_WARN_BOOL_CONVERSION = YES;
				CLANG_WARN_CONSTANT_CONVERSION = YES;
				CLANG_WARN_DIRECT_OBJC_ISA_USAGE = YES_ERROR;
				CLANG_WARN_DOCUMENTATION_COMMENTS = YES;
				CLANG_WARN_EMPTY_BODY = YES;
				CLANG_WARN_ENUM_CONVERSION = YES;
				CLANG_WARN_INFINITE_RECURSION = YES;
				CLANG_WARN_INT_CONVERSION = YES;
				CLANG_WARN_OBJC_ROOT_CLASS = YES_ERROR;
				CLANG_WARN_SUSPICIOUS_MOVE = YES;
				CLANG_WARN_UNREACHABLE_CODE = YES;
				CLANG_WARN__DUPLICATE_METHOD_MATCH = YES;
				"CODE_SIGN_IDENTITY[sdk=iphoneos*]" = "iPhone Developer";
				COPY_PHASE_STRIP = NO;
				DEBUG_INFORMATION_FORMAT = dwarf;
				ENABLE_STRICT_OBJC_MSGSEND = YES;
				ENABLE_TESTABILITY = YES;
				GCC_C_LANGUAGE_STANDARD = gnu99;
				GCC_DYNAMIC_NO_PIC = NO;
				GCC_NO_COMMON_BLOCKS = YES;
				GCC_OPTIMIZATION_LEVEL = 0;
				GCC_PREPROCESSOR_DEFINITIONS = (
					"DEBUG=1",
					"$(inherited)",
				);
				GCC_WARN_64_TO_32_BIT_CONVERSION = YES;
				GCC_WARN_ABOUT_RETURN_TYPE = YES_ERROR;
				GCC_WARN_UNDECLARED_SELECTOR = YES;
				GCC_WARN_UNINITIALIZED_AUTOS = YES_AGGRESSIVE;
				GCC_WARN_UNUSED_FUNCTION = YES;
				GCC_WARN_UNUSED_VARIABLE = YES;
				IPHONEOS_DEPLOYMENT_TARGET = 9.0;
				MTL_ENABLE_DEBUG_INFO = YES;
				ONLY_ACTIVE_ARCH = YES;
				SDKROOT = iphoneos;
			};
			name = Debug;
		};
		CD349D6B1F5ADFE3002E4987 /* Release */ = {
			isa = XCBuildConfiguration;
			buildSettings = {
				ALWAYS_SEARCH_USER_PATHS = NO;
				CLANG_ANALYZER_NONNULL = YES;
				CLANG_ANALYZER_NUMBER_OBJECT_CONVERSION = YES_AGGRESSIVE;
				CLANG_CXX_LANGUAGE_STANDARD = "gnu++0x";
				CLANG_CXX_LIBRARY = "libc++";
				CLANG_ENABLE_MODULES = YES;
				CLANG_ENABLE_OBJC_ARC = YES;
				CLANG_WARN_BOOL_CONVERSION = YES;
				CLANG_WARN_CONSTANT_CONVERSION = YES;
				CLANG_WARN_DIRECT_OBJC_ISA_USAGE = YES_ERROR;
				CLANG_WARN_DOCUMENTATION_COMMENTS = YES;
				CLANG_WARN_EMPTY_BODY = YES;
				CLANG_WARN_ENUM_CONVERSION = YES;
				CLANG_WARN_INFINITE_RECURSION = YES;
				CLANG_WARN_INT_CONVERSION = YES;
				CLANG_WARN_OBJC_ROOT_CLASS = YES_ERROR;
				CLANG_WARN_SUSPICIOUS_MOVE = YES;
				CLANG_WARN_UNREACHABLE_CODE = YES;
				CLANG_WARN__DUPLICATE_METHOD_MATCH = YES;
				"CODE_SIGN_IDENTITY[sdk=iphoneos*]" = "iPhone Developer";
				COPY_PHASE_STRIP = NO;
				DEBUG_INFORMATION_FORMAT = "dwarf-with-dsym";
				ENABLE_NS_ASSERTIONS = NO;
				ENABLE_STRICT_OBJC_MSGSEND = YES;
				GCC_C_LANGUAGE_STANDARD = gnu99;
				GCC_NO_COMMON_BLOCKS = YES;
				GCC_WARN_64_TO_32_BIT_CONVERSION = YES;
				GCC_WARN_ABOUT_RETURN_TYPE = YES_ERROR;
				GCC_WARN_UNDECLARED_SELECTOR = YES;
				GCC_WARN_UNINITIALIZED_AUTOS = YES_AGGRESSIVE;
				GCC_WARN_UNUSED_FUNCTION = YES;
				GCC_WARN_UNUSED_VARIABLE = YES;
				IPHONEOS_DEPLOYMENT_TARGET = 9.0;
				MTL_ENABLE_DEBUG_INFO = NO;
				SDKROOT = iphoneos;
				VALIDATE_PRODUCT = YES;
			};
			name = Release;
		};
		CD349D6D1F5ADFE3002E4987 /* Debug */ = {
			isa = XCBuildConfiguration;
			baseConfigurationReference = 18EE29D7DF4D1615B0D0518B /* Pods-ChatServer.debug.xcconfig */;
			buildSettings = {
				ASSETCATALOG_COMPILER_APPICON_NAME = AppIcon;
				DEVELOPMENT_TEAM = 4ENJEYX49Q;
				INFOPLIST_FILE = ChatServer/Info.plist;
				IPHONEOS_DEPLOYMENT_TARGET = 9.0;
				LD_RUNPATH_SEARCH_PATHS = "$(inherited) @executable_path/Frameworks";
				PRODUCT_BUNDLE_IDENTIFIER = com.liuyang.ChatServer;
				PRODUCT_NAME = "$(TARGET_NAME)";
			};
			name = Debug;
		};
		CD349D6E1F5ADFE3002E4987 /* Release */ = {
			isa = XCBuildConfiguration;
			baseConfigurationReference = 6A2A0526F1FC015A48BF7EF7 /* Pods-ChatServer.release.xcconfig */;
			buildSettings = {
				ASSETCATALOG_COMPILER_APPICON_NAME = AppIcon;
				DEVELOPMENT_TEAM = 4ENJEYX49Q;
				INFOPLIST_FILE = ChatServer/Info.plist;
				IPHONEOS_DEPLOYMENT_TARGET = 9.0;
				LD_RUNPATH_SEARCH_PATHS = "$(inherited) @executable_path/Frameworks";
				PRODUCT_BUNDLE_IDENTIFIER = com.liuyang.ChatServer;
				PRODUCT_NAME = "$(TARGET_NAME)";
			};
			name = Release;
		};
		CD349D701F5ADFE3002E4987 /* Debug */ = {
			isa = XCBuildConfiguration;
			buildSettings = {
				BUNDLE_LOADER = "$(TEST_HOST)";
				INFOPLIST_FILE = ChatServerTests/Info.plist;
				LD_RUNPATH_SEARCH_PATHS = "$(inherited) @executable_path/Frameworks @loader_path/Frameworks";
				PRODUCT_BUNDLE_IDENTIFIER = com.liuyang.ChatServerTests;
				PRODUCT_NAME = "$(TARGET_NAME)";
				TEST_HOST = "$(BUILT_PRODUCTS_DIR)/ChatServer.app/ChatServer";
			};
			name = Debug;
		};
		CD349D711F5ADFE3002E4987 /* Release */ = {
			isa = XCBuildConfiguration;
			buildSettings = {
				BUNDLE_LOADER = "$(TEST_HOST)";
				INFOPLIST_FILE = ChatServerTests/Info.plist;
				LD_RUNPATH_SEARCH_PATHS = "$(inherited) @executable_path/Frameworks @loader_path/Frameworks";
				PRODUCT_BUNDLE_IDENTIFIER = com.liuyang.ChatServerTests;
				PRODUCT_NAME = "$(TARGET_NAME)";
				TEST_HOST = "$(BUILT_PRODUCTS_DIR)/ChatServer.app/ChatServer";
			};
			name = Release;
		};
		CD349D731F5ADFE3002E4987 /* Debug */ = {
			isa = XCBuildConfiguration;
			buildSettings = {
				INFOPLIST_FILE = ChatServerUITests/Info.plist;
				LD_RUNPATH_SEARCH_PATHS = "$(inherited) @executable_path/Frameworks @loader_path/Frameworks";
				PRODUCT_BUNDLE_IDENTIFIER = com.liuyang.ChatServerUITests;
				PRODUCT_NAME = "$(TARGET_NAME)";
				TEST_TARGET_NAME = ChatServer;
			};
			name = Debug;
		};
		CD349D741F5ADFE3002E4987 /* Release */ = {
			isa = XCBuildConfiguration;
			buildSettings = {
				INFOPLIST_FILE = ChatServerUITests/Info.plist;
				LD_RUNPATH_SEARCH_PATHS = "$(inherited) @executable_path/Frameworks @loader_path/Frameworks";
				PRODUCT_BUNDLE_IDENTIFIER = com.liuyang.ChatServerUITests;
				PRODUCT_NAME = "$(TARGET_NAME)";
				TEST_TARGET_NAME = ChatServer;
			};
			name = Release;
		};
/* End XCBuildConfiguration section */

/* Begin XCConfigurationList section */
		CD349D3A1F5ADFE3002E4987 /* Build configuration list for PBXProject "ChatServer" */ = {
			isa = XCConfigurationList;
			buildConfigurations = (
				CD349D6A1F5ADFE3002E4987 /* Debug */,
				CD349D6B1F5ADFE3002E4987 /* Release */,
			);
			defaultConfigurationIsVisible = 0;
			defaultConfigurationName = Release;
		};
		CD349D6C1F5ADFE3002E4987 /* Build configuration list for PBXNativeTarget "ChatServer" */ = {
			isa = XCConfigurationList;
			buildConfigurations = (
				CD349D6D1F5ADFE3002E4987 /* Debug */,
				CD349D6E1F5ADFE3002E4987 /* Release */,
			);
			defaultConfigurationIsVisible = 0;
			defaultConfigurationName = Release;
		};
		CD349D6F1F5ADFE3002E4987 /* Build configuration list for PBXNativeTarget "ChatServerTests" */ = {
			isa = XCConfigurationList;
			buildConfigurations = (
				CD349D701F5ADFE3002E4987 /* Debug */,
				CD349D711F5ADFE3002E4987 /* Release */,
			);
			defaultConfigurationIsVisible = 0;
			defaultConfigurationName = Release;
		};
		CD349D721F5ADFE3002E4987 /* Build configuration list for PBXNativeTarget "ChatServerUITests" */ = {
			isa = XCConfigurationList;
			buildConfigurations = (
				CD349D731F5ADFE3002E4987 /* Debug */,
				CD349D741F5ADFE3002E4987 /* Release */,
			);
			defaultConfigurationIsVisible = 0;
			defaultConfigurationName = Release;
		};
/* End XCConfigurationList section */
	};
	rootObject = CD349D371F5ADFE3002E4987 /* Project object */;
}
